// !$*UTF8*$!
{
	archiveVersion = 1;
	classes = {
	};
	objectVersion = 77;
	objects = {

/* Begin PBXBuildFile section */
		2F49B7762980407C00BCB272 /* Spezi in Frameworks */ = {isa = PBXBuildFile; productRef = 2F49B7752980407B00BCB272 /* Spezi */; };
		2FE5DC6429EDD883004B9AB4 /* SpeziAccount in Frameworks */ = {isa = PBXBuildFile; productRef = 2FE5DC6329EDD883004B9AB4 /* SpeziAccount */; };
		2FE5DC6729EDD894004B9AB4 /* SpeziContact in Frameworks */ = {isa = PBXBuildFile; productRef = 2FE5DC6629EDD894004B9AB4 /* SpeziContact */; };
		2FE5DC7529EDD8E6004B9AB4 /* SpeziFirebaseAccount in Frameworks */ = {isa = PBXBuildFile; productRef = 2FE5DC7429EDD8E6004B9AB4 /* SpeziFirebaseAccount */; };
		2FE5DC7729EDD8E6004B9AB4 /* SpeziFirebaseConfiguration in Frameworks */ = {isa = PBXBuildFile; productRef = 2FE5DC7629EDD8E6004B9AB4 /* SpeziFirebaseConfiguration */; };
		2FE5DC7929EDD8E6004B9AB4 /* SpeziFirestore in Frameworks */ = {isa = PBXBuildFile; productRef = 2FE5DC7829EDD8E6004B9AB4 /* SpeziFirestore */; };
		2FE5DC8129EDD91D004B9AB4 /* SpeziOnboarding in Frameworks */ = {isa = PBXBuildFile; productRef = 2FE5DC8029EDD91D004B9AB4 /* SpeziOnboarding */; };
		2FE5DC8429EDD934004B9AB4 /* SpeziQuestionnaire in Frameworks */ = {isa = PBXBuildFile; platformFilter = ios; productRef = 2FE5DC8329EDD934004B9AB4 /* SpeziQuestionnaire */; };
		2FE5DC8A29EDD972004B9AB4 /* SpeziLocalStorage in Frameworks */ = {isa = PBXBuildFile; productRef = 2FE5DC8929EDD972004B9AB4 /* SpeziLocalStorage */; };
		2FE5DC8C29EDD972004B9AB4 /* SpeziSecureStorage in Frameworks */ = {isa = PBXBuildFile; productRef = 2FE5DC8B29EDD972004B9AB4 /* SpeziSecureStorage */; };
		2FE5DC8F29EDD980004B9AB4 /* SpeziViews in Frameworks */ = {isa = PBXBuildFile; productRef = 2FE5DC8E29EDD980004B9AB4 /* SpeziViews */; };
		2FE5DC9929EDD9D9004B9AB4 /* XCTestExtensions in Frameworks */ = {isa = PBXBuildFile; productRef = 2FE5DC9829EDD9D9004B9AB4 /* XCTestExtensions */; };
		A926D7A82AB7A552000C4C2F /* Muse.framework in Frameworks */ = {isa = PBXBuildFile; fileRef = A99522432AA61DA6009272F4 /* Muse.framework */; };
		A926D7A92AB7A552000C4C2F /* SpeziAccount in Frameworks */ = {isa = PBXBuildFile; productRef = A926D7672AB7A552000C4C2F /* SpeziAccount */; };
		A926D7AA2AB7A552000C4C2F /* SpeziContact in Frameworks */ = {isa = PBXBuildFile; productRef = A926D7692AB7A552000C4C2F /* SpeziContact */; };
		A926D7AB2AB7A552000C4C2F /* SpeziQuestionnaire in Frameworks */ = {isa = PBXBuildFile; platformFilter = ios; productRef = A926D7732AB7A552000C4C2F /* SpeziQuestionnaire */; };
		A926D7AC2AB7A552000C4C2F /* SpeziLocalStorage in Frameworks */ = {isa = PBXBuildFile; productRef = A926D7772AB7A552000C4C2F /* SpeziLocalStorage */; };
		A926D7AD2AB7A552000C4C2F /* SpeziSecureStorage in Frameworks */ = {isa = PBXBuildFile; productRef = A926D7792AB7A552000C4C2F /* SpeziSecureStorage */; };
		A926D7AE2AB7A552000C4C2F /* SpeziFirebaseAccount in Frameworks */ = {isa = PBXBuildFile; productRef = A926D76D2AB7A552000C4C2F /* SpeziFirebaseAccount */; };
		A926D7B02AB7A552000C4C2F /* Spezi in Frameworks */ = {isa = PBXBuildFile; productRef = A926D7652AB7A552000C4C2F /* Spezi */; };
		A926D7B12AB7A552000C4C2F /* SpeziViews in Frameworks */ = {isa = PBXBuildFile; productRef = A926D77A2AB7A552000C4C2F /* SpeziViews */; };
		A926D7B42AB7A552000C4C2F /* SpeziOnboarding in Frameworks */ = {isa = PBXBuildFile; productRef = A926D7712AB7A552000C4C2F /* SpeziOnboarding */; };
		A926D7B52AB7A552000C4C2F /* SpeziFirestore in Frameworks */ = {isa = PBXBuildFile; productRef = A926D7702AB7A552000C4C2F /* SpeziFirestore */; };
		A926D7B62AB7A552000C4C2F /* SpeziFirebaseConfiguration in Frameworks */ = {isa = PBXBuildFile; productRef = A926D76F2AB7A552000C4C2F /* SpeziFirebaseConfiguration */; };
		A92E34F02ADB9B7E00FE0B51 /* OrderedCollections in Frameworks */ = {isa = PBXBuildFile; productRef = A92E34EF2ADB9B7E00FE0B51 /* OrderedCollections */; };
		A92E34F22ADB9B9000FE0B51 /* OrderedCollections in Frameworks */ = {isa = PBXBuildFile; productRef = A92E34F12ADB9B9000FE0B51 /* OrderedCollections */; };
		A941711C2B9FB17A002E975A /* SpeziFirebaseAccountStorage in Frameworks */ = {isa = PBXBuildFile; productRef = A941711B2B9FB17A002E975A /* SpeziFirebaseAccountStorage */; };
		A941711E2B9FB180002E975A /* SpeziFirebaseAccountStorage in Frameworks */ = {isa = PBXBuildFile; productRef = A941711D2B9FB180002E975A /* SpeziFirebaseAccountStorage */; };
		A95F4B312B990803006778E5 /* ByteCoding in Frameworks */ = {isa = PBXBuildFile; productRef = A95F4B302B990803006778E5 /* ByteCoding */; };
		A95F4B332B990803006778E5 /* EDFFormat in Frameworks */ = {isa = PBXBuildFile; productRef = A95F4B322B990803006778E5 /* EDFFormat */; };
		A95F4B352B990803006778E5 /* XCTByteCoding in Frameworks */ = {isa = PBXBuildFile; productRef = A95F4B342B990803006778E5 /* XCTByteCoding */; };
		A95F4B372B99081D006778E5 /* ByteCoding in Frameworks */ = {isa = PBXBuildFile; productRef = A95F4B362B99081D006778E5 /* ByteCoding */; };
		A95F4B392B99081D006778E5 /* EDFFormat in Frameworks */ = {isa = PBXBuildFile; productRef = A95F4B382B99081D006778E5 /* EDFFormat */; };
		A977F6752C932C780071A1D1 /* SpeziBluetoothServices in Frameworks */ = {isa = PBXBuildFile; productRef = A977F6742C932C780071A1D1 /* SpeziBluetoothServices */; };
		A977F6782C932D0E0071A1D1 /* SpeziDevicesUI in Frameworks */ = {isa = PBXBuildFile; productRef = A977F6772C932D0E0071A1D1 /* SpeziDevicesUI */; };
		A977F67A2C932D1E0071A1D1 /* SpeziBluetoothServices in Frameworks */ = {isa = PBXBuildFile; productRef = A977F6792C932D1E0071A1D1 /* SpeziBluetoothServices */; };
		A977F67C2C932D2A0071A1D1 /* SpeziDevicesUI in Frameworks */ = {isa = PBXBuildFile; productRef = A977F67B2C932D2A0071A1D1 /* SpeziDevicesUI */; };
		A988FEA62B03FB4A00022A61 /* SpeziBluetooth in Frameworks */ = {isa = PBXBuildFile; productRef = A988FEA52B03FB4A00022A61 /* SpeziBluetooth */; };
		A988FEA82B03FB5A00022A61 /* SpeziBluetooth in Frameworks */ = {isa = PBXBuildFile; productRef = A988FEA72B03FB5A00022A61 /* SpeziBluetooth */; };
		A988FEBD2B05C7AE00022A61 /* SpeziPersonalInfo in Frameworks */ = {isa = PBXBuildFile; productRef = A988FEBC2B05C7AE00022A61 /* SpeziPersonalInfo */; };
		A988FEBF2B05C7B800022A61 /* SpeziPersonalInfo in Frameworks */ = {isa = PBXBuildFile; productRef = A988FEBE2B05C7B800022A61 /* SpeziPersonalInfo */; };
		A9A48A8B2BA8CCE3002CB862 /* SpeziFirebaseStorage in Frameworks */ = {isa = PBXBuildFile; productRef = A9A48A8A2BA8CCE3002CB862 /* SpeziFirebaseStorage */; };
		A9A48A8D2BA8CCEA002CB862 /* SpeziFirebaseStorage in Frameworks */ = {isa = PBXBuildFile; productRef = A9A48A8C2BA8CCEA002CB862 /* SpeziFirebaseStorage */; };
/* End PBXBuildFile section */

/* Begin PBXContainerItemProxy section */
		653A255E28338800005D4D48 /* PBXContainerItemProxy */ = {
			isa = PBXContainerItemProxy;
			containerPortal = 653A2545283387FE005D4D48 /* Project object */;
			proxyType = 1;
			remoteGlobalIDString = 653A254C283387FE005D4D48;
			remoteInfo = NAMS;
		};
		653A256828338800005D4D48 /* PBXContainerItemProxy */ = {
			isa = PBXContainerItemProxy;
			containerPortal = 653A2545283387FE005D4D48 /* Project object */;
			proxyType = 1;
			remoteGlobalIDString = 653A254C283387FE005D4D48;
			remoteInfo = NAMS;
		};
/* End PBXContainerItemProxy section */

/* Begin PBXFileReference section */
		2FC94CD4298B0A1D009C8209 /* NAMS.xctestplan */ = {isa = PBXFileReference; lastKnownFileType = text; path = NAMS.xctestplan; sourceTree = "<group>"; };
		653A254D283387FE005D4D48 /* NAMS.app */ = {isa = PBXFileReference; explicitFileType = wrapper.application; includeInIndex = 0; path = NAMS.app; sourceTree = BUILT_PRODUCTS_DIR; };
		653A255D28338800005D4D48 /* NAMSTests.xctest */ = {isa = PBXFileReference; explicitFileType = wrapper.cfbundle; includeInIndex = 0; path = NAMSTests.xctest; sourceTree = BUILT_PRODUCTS_DIR; };
		653A256728338800005D4D48 /* NAMSUITests.xctest */ = {isa = PBXFileReference; explicitFileType = wrapper.cfbundle; includeInIndex = 0; path = NAMSUITests.xctest; sourceTree = BUILT_PRODUCTS_DIR; };
		A926D7C32AB7A552000C4C2F /* NAMS Muse.app */ = {isa = PBXFileReference; explicitFileType = wrapper.application; includeInIndex = 0; path = "NAMS Muse.app"; sourceTree = BUILT_PRODUCTS_DIR; };
		A99522432AA61DA6009272F4 /* Muse.framework */ = {isa = PBXFileReference; lastKnownFileType = wrapper.framework; path = Muse.framework; sourceTree = "<group>"; };
/* End PBXFileReference section */

/* Begin PBXFileSystemSynchronizedBuildFileExceptionSet section */
		A973C4C02D7DEC8B00BA148C /* Exceptions for "NAMS" folder in "NAMS" target */ = {
			isa = PBXFileSystemSynchronizedBuildFileExceptionSet;
			membershipExceptions = (
				"Supporting Files/Info.plist",
			);
			target = 653A254C283387FE005D4D48 /* NAMS */;
		};
		A973C4C12D7DEC8B00BA148C /* Exceptions for "NAMS" folder in "NAMS Muse" target */ = {
			isa = PBXFileSystemSynchronizedBuildFileExceptionSet;
			membershipExceptions = (
				"Supporting Files/Info.plist",
			);
			target = A926D7642AB7A552000C4C2F /* NAMS Muse */;
		};
/* End PBXFileSystemSynchronizedBuildFileExceptionSet section */

/* Begin PBXFileSystemSynchronizedRootGroup section */
		A973C3A52D7DEC8B00BA148C /* NAMS */ = {
			isa = PBXFileSystemSynchronizedRootGroup;
			exceptions = (
				A973C4C02D7DEC8B00BA148C /* Exceptions for "NAMS" folder in "NAMS" target */,
				A973C4C12D7DEC8B00BA148C /* Exceptions for "NAMS" folder in "NAMS Muse" target */,
			);
			path = NAMS;
			sourceTree = "<group>";
		};
		A973C4C42D7DEC8F00BA148C /* NAMSTests */ = {
			isa = PBXFileSystemSynchronizedRootGroup;
			path = NAMSTests;
			sourceTree = "<group>";
		};
		A973C4CD2D7DEC9200BA148C /* NAMSUITests */ = {
			isa = PBXFileSystemSynchronizedRootGroup;
			path = NAMSUITests;
			sourceTree = "<group>";
		};
/* End PBXFileSystemSynchronizedRootGroup section */

/* Begin PBXFrameworksBuildPhase section */
		653A254A283387FE005D4D48 /* Frameworks */ = {
			isa = PBXFrameworksBuildPhase;
			buildActionMask = 2147483647;
			files = (
				A988FEBD2B05C7AE00022A61 /* SpeziPersonalInfo in Frameworks */,
				A95F4B332B990803006778E5 /* EDFFormat in Frameworks */,
				2FE5DC6429EDD883004B9AB4 /* SpeziAccount in Frameworks */,
				A988FEA62B03FB4A00022A61 /* SpeziBluetooth in Frameworks */,
				2FE5DC6729EDD894004B9AB4 /* SpeziContact in Frameworks */,
				A941711C2B9FB17A002E975A /* SpeziFirebaseAccountStorage in Frameworks */,
				2FE5DC8429EDD934004B9AB4 /* SpeziQuestionnaire in Frameworks */,
				2FE5DC8A29EDD972004B9AB4 /* SpeziLocalStorage in Frameworks */,
				A977F6782C932D0E0071A1D1 /* SpeziDevicesUI in Frameworks */,
				2FE5DC8C29EDD972004B9AB4 /* SpeziSecureStorage in Frameworks */,
				A92E34F02ADB9B7E00FE0B51 /* OrderedCollections in Frameworks */,
				2FE5DC7529EDD8E6004B9AB4 /* SpeziFirebaseAccount in Frameworks */,
				2F49B7762980407C00BCB272 /* Spezi in Frameworks */,
				2FE5DC8F29EDD980004B9AB4 /* SpeziViews in Frameworks */,
				A95F4B312B990803006778E5 /* ByteCoding in Frameworks */,
				2FE5DC8129EDD91D004B9AB4 /* SpeziOnboarding in Frameworks */,
				A9A48A8B2BA8CCE3002CB862 /* SpeziFirebaseStorage in Frameworks */,
				2FE5DC7929EDD8E6004B9AB4 /* SpeziFirestore in Frameworks */,
				A977F6752C932C780071A1D1 /* SpeziBluetoothServices in Frameworks */,
				2FE5DC7729EDD8E6004B9AB4 /* SpeziFirebaseConfiguration in Frameworks */,
			);
			runOnlyForDeploymentPostprocessing = 0;
		};
		653A255A28338800005D4D48 /* Frameworks */ = {
			isa = PBXFrameworksBuildPhase;
			buildActionMask = 2147483647;
			files = (
				A95F4B352B990803006778E5 /* XCTByteCoding in Frameworks */,
			);
			runOnlyForDeploymentPostprocessing = 0;
		};
		653A256428338800005D4D48 /* Frameworks */ = {
			isa = PBXFrameworksBuildPhase;
			buildActionMask = 2147483647;
			files = (
				2FE5DC9929EDD9D9004B9AB4 /* XCTestExtensions in Frameworks */,
			);
			runOnlyForDeploymentPostprocessing = 0;
		};
		A926D7A72AB7A552000C4C2F /* Frameworks */ = {
			isa = PBXFrameworksBuildPhase;
			buildActionMask = 2147483647;
			files = (
				A95F4B372B99081D006778E5 /* ByteCoding in Frameworks */,
				A926D7A82AB7A552000C4C2F /* Muse.framework in Frameworks */,
				A926D7A92AB7A552000C4C2F /* SpeziAccount in Frameworks */,
				A977F67A2C932D1E0071A1D1 /* SpeziBluetoothServices in Frameworks */,
				A926D7AA2AB7A552000C4C2F /* SpeziContact in Frameworks */,
				A926D7AB2AB7A552000C4C2F /* SpeziQuestionnaire in Frameworks */,
				A941711E2B9FB180002E975A /* SpeziFirebaseAccountStorage in Frameworks */,
				A926D7AC2AB7A552000C4C2F /* SpeziLocalStorage in Frameworks */,
				A926D7AD2AB7A552000C4C2F /* SpeziSecureStorage in Frameworks */,
				A977F67C2C932D2A0071A1D1 /* SpeziDevicesUI in Frameworks */,
				A92E34F22ADB9B9000FE0B51 /* OrderedCollections in Frameworks */,
				A926D7AE2AB7A552000C4C2F /* SpeziFirebaseAccount in Frameworks */,
				A95F4B392B99081D006778E5 /* EDFFormat in Frameworks */,
				A988FEBF2B05C7B800022A61 /* SpeziPersonalInfo in Frameworks */,
				A926D7B02AB7A552000C4C2F /* Spezi in Frameworks */,
				A926D7B12AB7A552000C4C2F /* SpeziViews in Frameworks */,
				A988FEA82B03FB5A00022A61 /* SpeziBluetooth in Frameworks */,
				A926D7B42AB7A552000C4C2F /* SpeziOnboarding in Frameworks */,
				A9A48A8D2BA8CCEA002CB862 /* SpeziFirebaseStorage in Frameworks */,
				A926D7B52AB7A552000C4C2F /* SpeziFirestore in Frameworks */,
				A926D7B62AB7A552000C4C2F /* SpeziFirebaseConfiguration in Frameworks */,
			);
			runOnlyForDeploymentPostprocessing = 0;
		};
/* End PBXFrameworksBuildPhase section */

/* Begin PBXGroup section */
		653A2544283387FE005D4D48 = {
			isa = PBXGroup;
			children = (
				653A258B283395A7005D4D48 /* Frameworks */,
				A99522432AA61DA6009272F4 /* Muse.framework */,
				A973C3A52D7DEC8B00BA148C /* NAMS */,
				2FC94CD4298B0A1D009C8209 /* NAMS.xctestplan */,
				A973C4C42D7DEC8F00BA148C /* NAMSTests */,
				A973C4CD2D7DEC9200BA148C /* NAMSUITests */,
				653A254E283387FE005D4D48 /* Products */,
			);
			sourceTree = "<group>";
		};
		653A254E283387FE005D4D48 /* Products */ = {
			isa = PBXGroup;
			children = (
				653A254D283387FE005D4D48 /* NAMS.app */,
				653A255D28338800005D4D48 /* NAMSTests.xctest */,
				653A256728338800005D4D48 /* NAMSUITests.xctest */,
				A926D7C32AB7A552000C4C2F /* NAMS Muse.app */,
			);
			name = Products;
			sourceTree = "<group>";
		};
		653A258B283395A7005D4D48 /* Frameworks */ = {
			isa = PBXGroup;
			children = (
			);
			name = Frameworks;
			sourceTree = "<group>";
		};
/* End PBXGroup section */

/* Begin PBXNativeTarget section */
		653A254C283387FE005D4D48 /* NAMS */ = {
			isa = PBXNativeTarget;
			buildConfigurationList = 653A257128338800005D4D48 /* Build configuration list for PBXNativeTarget "NAMS" */;
			buildPhases = (
				653A2549283387FE005D4D48 /* Sources */,
				653A254A283387FE005D4D48 /* Frameworks */,
				653A254B283387FE005D4D48 /* Resources */,
			);
			buildRules = (
			);
			dependencies = (
				A977F67E2C933AA10071A1D1 /* PBXTargetDependency */,
			);
			fileSystemSynchronizedGroups = (
				A973C3A52D7DEC8B00BA148C /* NAMS */,
			);
			name = NAMS;
			packageProductDependencies = (
				2F49B7752980407B00BCB272 /* Spezi */,
				2FE5DC6329EDD883004B9AB4 /* SpeziAccount */,
				2FE5DC6629EDD894004B9AB4 /* SpeziContact */,
				2FE5DC7429EDD8E6004B9AB4 /* SpeziFirebaseAccount */,
				2FE5DC7629EDD8E6004B9AB4 /* SpeziFirebaseConfiguration */,
				2FE5DC7829EDD8E6004B9AB4 /* SpeziFirestore */,
				2FE5DC8029EDD91D004B9AB4 /* SpeziOnboarding */,
				2FE5DC8329EDD934004B9AB4 /* SpeziQuestionnaire */,
				2FE5DC8929EDD972004B9AB4 /* SpeziLocalStorage */,
				2FE5DC8B29EDD972004B9AB4 /* SpeziSecureStorage */,
				2FE5DC8E29EDD980004B9AB4 /* SpeziViews */,
				A92E34EF2ADB9B7E00FE0B51 /* OrderedCollections */,
				A988FEBC2B05C7AE00022A61 /* SpeziPersonalInfo */,
				A988FEA52B03FB4A00022A61 /* SpeziBluetooth */,
				A95F4B302B990803006778E5 /* ByteCoding */,
				A95F4B322B990803006778E5 /* EDFFormat */,
				A941711B2B9FB17A002E975A /* SpeziFirebaseAccountStorage */,
				A9A48A8A2BA8CCE3002CB862 /* SpeziFirebaseStorage */,
				A977F6742C932C780071A1D1 /* SpeziBluetoothServices */,
				A977F6772C932D0E0071A1D1 /* SpeziDevicesUI */,
			);
			productName = NAMS;
			productReference = 653A254D283387FE005D4D48 /* NAMS.app */;
			productType = "com.apple.product-type.application";
		};
		653A255C28338800005D4D48 /* NAMSTests */ = {
			isa = PBXNativeTarget;
			buildConfigurationList = 653A257428338800005D4D48 /* Build configuration list for PBXNativeTarget "NAMSTests" */;
			buildPhases = (
				653A255928338800005D4D48 /* Sources */,
				653A255A28338800005D4D48 /* Frameworks */,
				653A255B28338800005D4D48 /* Resources */,
			);
			buildRules = (
			);
			dependencies = (
				653A255F28338800005D4D48 /* PBXTargetDependency */,
			);
			fileSystemSynchronizedGroups = (
				A973C4C42D7DEC8F00BA148C /* NAMSTests */,
			);
			name = NAMSTests;
			packageProductDependencies = (
				A95F4B342B990803006778E5 /* XCTByteCoding */,
			);
			productName = NAMSTests;
			productReference = 653A255D28338800005D4D48 /* NAMSTests.xctest */;
			productType = "com.apple.product-type.bundle.unit-test";
		};
		653A256628338800005D4D48 /* NAMSUITests */ = {
			isa = PBXNativeTarget;
			buildConfigurationList = 653A257728338800005D4D48 /* Build configuration list for PBXNativeTarget "NAMSUITests" */;
			buildPhases = (
				653A256328338800005D4D48 /* Sources */,
				653A256428338800005D4D48 /* Frameworks */,
				653A256528338800005D4D48 /* Resources */,
			);
			buildRules = (
			);
			dependencies = (
				653A256928338800005D4D48 /* PBXTargetDependency */,
			);
			fileSystemSynchronizedGroups = (
				A973C4CD2D7DEC9200BA148C /* NAMSUITests */,
			);
			name = NAMSUITests;
			packageProductDependencies = (
				2FE5DC9829EDD9D9004B9AB4 /* XCTestExtensions */,
			);
			productName = NAMSUITests;
			productReference = 653A256728338800005D4D48 /* NAMSUITests.xctest */;
			productType = "com.apple.product-type.bundle.ui-testing";
		};
		A926D7642AB7A552000C4C2F /* NAMS Muse */ = {
			isa = PBXNativeTarget;
			buildConfigurationList = A926D7BF2AB7A552000C4C2F /* Build configuration list for PBXNativeTarget "NAMS Muse" */;
			buildPhases = (
				A926D77E2AB7A552000C4C2F /* Sources */,
				A926D7A72AB7A552000C4C2F /* Frameworks */,
				A926D7B72AB7A552000C4C2F /* Resources */,
			);
			buildRules = (
			);
			dependencies = (
				A96CD4162BCDA58600300B8C /* PBXTargetDependency */,
			);
			fileSystemSynchronizedGroups = (
				A973C3A52D7DEC8B00BA148C /* NAMS */,
			);
			name = "NAMS Muse";
			packageProductDependencies = (
				A926D7652AB7A552000C4C2F /* Spezi */,
				A926D7672AB7A552000C4C2F /* SpeziAccount */,
				A926D7692AB7A552000C4C2F /* SpeziContact */,
				A926D76D2AB7A552000C4C2F /* SpeziFirebaseAccount */,
				A926D76F2AB7A552000C4C2F /* SpeziFirebaseConfiguration */,
				A926D7702AB7A552000C4C2F /* SpeziFirestore */,
				A926D7712AB7A552000C4C2F /* SpeziOnboarding */,
				A926D7732AB7A552000C4C2F /* SpeziQuestionnaire */,
				A926D7772AB7A552000C4C2F /* SpeziLocalStorage */,
				A926D7792AB7A552000C4C2F /* SpeziSecureStorage */,
				A926D77A2AB7A552000C4C2F /* SpeziViews */,
				A92E34F12ADB9B9000FE0B51 /* OrderedCollections */,
				A988FEBE2B05C7B800022A61 /* SpeziPersonalInfo */,
				A988FEA72B03FB5A00022A61 /* SpeziBluetooth */,
				A95F4B362B99081D006778E5 /* ByteCoding */,
				A95F4B382B99081D006778E5 /* EDFFormat */,
				A941711D2B9FB180002E975A /* SpeziFirebaseAccountStorage */,
				A9A48A8C2BA8CCEA002CB862 /* SpeziFirebaseStorage */,
				A977F6792C932D1E0071A1D1 /* SpeziBluetoothServices */,
				A977F67B2C932D2A0071A1D1 /* SpeziDevicesUI */,
			);
			productName = NAMS;
			productReference = A926D7C32AB7A552000C4C2F /* NAMS Muse.app */;
			productType = "com.apple.product-type.application";
		};
/* End PBXNativeTarget section */

/* Begin PBXProject section */
		653A2545283387FE005D4D48 /* Project object */ = {
			isa = PBXProject;
			attributes = {
				BuildIndependentTargetsInParallel = 1;
				LastSwiftUpdateCheck = 1340;
				LastUpgradeCheck = 1610;
				TargetAttributes = {
					653A254C283387FE005D4D48 = {
						CreatedOnToolsVersion = 13.4;
						LastSwiftMigration = 1430;
					};
					653A255C28338800005D4D48 = {
						CreatedOnToolsVersion = 13.4;
						TestTargetID = 653A254C283387FE005D4D48;
					};
					653A256628338800005D4D48 = {
						CreatedOnToolsVersion = 13.4;
						TestTargetID = 653A254C283387FE005D4D48;
					};
				};
			};
			buildConfigurationList = 653A2548283387FE005D4D48 /* Build configuration list for PBXProject "NAMS" */;
			developmentRegion = en;
			hasScannedForEncodings = 0;
			knownRegions = (
				en,
				Base,
			);
			mainGroup = 653A2544283387FE005D4D48;
			packageReferences = (
				2F49B7742980407B00BCB272 /* XCRemoteSwiftPackageReference "Spezi" */,
				2FE5DC6229EDD883004B9AB4 /* XCRemoteSwiftPackageReference "SpeziAccount" */,
				2FE5DC6529EDD894004B9AB4 /* XCRemoteSwiftPackageReference "SpeziContact" */,
				2FE5DC7329EDD8E6004B9AB4 /* XCRemoteSwiftPackageReference "SpeziFirebase" */,
				2FE5DC7F29EDD91D004B9AB4 /* XCRemoteSwiftPackageReference "SpeziOnboarding" */,
				2FE5DC8229EDD934004B9AB4 /* XCRemoteSwiftPackageReference "SpeziQuestionnaire" */,
				2FE5DC8829EDD972004B9AB4 /* XCRemoteSwiftPackageReference "SpeziStorage" */,
				2FE5DC8D29EDD980004B9AB4 /* XCRemoteSwiftPackageReference "SpeziViews" */,
				2FE5DC9029EDD9C3004B9AB4 /* XCRemoteSwiftPackageReference "firebase-ios-sdk" */,
				2FE5DC9729EDD9D9004B9AB4 /* XCRemoteSwiftPackageReference "XCTestExtensions" */,
				A92E34EE2ADB9B7E00FE0B51 /* XCRemoteSwiftPackageReference "swift-collections" */,
				A988FEA42B03FB4A00022A61 /* XCRemoteSwiftPackageReference "SpeziBluetooth" */,
				A95F4B2F2B990803006778E5 /* XCRemoteSwiftPackageReference "SpeziFileFormats" */,
				A96CD4122BCDA57700300B8C /* XCRemoteSwiftPackageReference "SwiftLint" */,
				A977F6762C932D0E0071A1D1 /* XCRemoteSwiftPackageReference "SpeziDevices" */,
			);
			preferredProjectObjectVersion = 77;
			productRefGroup = 653A254E283387FE005D4D48 /* Products */;
			projectDirPath = "";
			projectRoot = "";
			targets = (
				653A254C283387FE005D4D48 /* NAMS */,
				A926D7642AB7A552000C4C2F /* NAMS Muse */,
				653A255C28338800005D4D48 /* NAMSTests */,
				653A256628338800005D4D48 /* NAMSUITests */,
			);
		};
/* End PBXProject section */

/* Begin PBXResourcesBuildPhase section */
		653A254B283387FE005D4D48 /* Resources */ = {
			isa = PBXResourcesBuildPhase;
			buildActionMask = 2147483647;
			files = (
			);
			runOnlyForDeploymentPostprocessing = 0;
		};
		653A255B28338800005D4D48 /* Resources */ = {
			isa = PBXResourcesBuildPhase;
			buildActionMask = 2147483647;
			files = (
			);
			runOnlyForDeploymentPostprocessing = 0;
		};
		653A256528338800005D4D48 /* Resources */ = {
			isa = PBXResourcesBuildPhase;
			buildActionMask = 2147483647;
			files = (
			);
			runOnlyForDeploymentPostprocessing = 0;
		};
		A926D7B72AB7A552000C4C2F /* Resources */ = {
			isa = PBXResourcesBuildPhase;
			buildActionMask = 2147483647;
			files = (
			);
			runOnlyForDeploymentPostprocessing = 0;
		};
/* End PBXResourcesBuildPhase section */

/* Begin PBXSourcesBuildPhase section */
		653A2549283387FE005D4D48 /* Sources */ = {
			isa = PBXSourcesBuildPhase;
			buildActionMask = 2147483647;
			files = (
			);
			runOnlyForDeploymentPostprocessing = 0;
		};
		653A255928338800005D4D48 /* Sources */ = {
			isa = PBXSourcesBuildPhase;
			buildActionMask = 2147483647;
			files = (
			);
			runOnlyForDeploymentPostprocessing = 0;
		};
		653A256328338800005D4D48 /* Sources */ = {
			isa = PBXSourcesBuildPhase;
			buildActionMask = 2147483647;
			files = (
			);
			runOnlyForDeploymentPostprocessing = 0;
		};
		A926D77E2AB7A552000C4C2F /* Sources */ = {
			isa = PBXSourcesBuildPhase;
			buildActionMask = 2147483647;
			files = (
			);
			runOnlyForDeploymentPostprocessing = 0;
		};
/* End PBXSourcesBuildPhase section */

/* Begin PBXTargetDependency section */
		653A255F28338800005D4D48 /* PBXTargetDependency */ = {
			isa = PBXTargetDependency;
			target = 653A254C283387FE005D4D48 /* NAMS */;
			targetProxy = 653A255E28338800005D4D48 /* PBXContainerItemProxy */;
		};
		653A256928338800005D4D48 /* PBXTargetDependency */ = {
			isa = PBXTargetDependency;
			target = 653A254C283387FE005D4D48 /* NAMS */;
			targetProxy = 653A256828338800005D4D48 /* PBXContainerItemProxy */;
		};
		A96CD4162BCDA58600300B8C /* PBXTargetDependency */ = {
			isa = PBXTargetDependency;
			productRef = A96CD4152BCDA58600300B8C /* SwiftLintPlugin */;
		};
		A977F67E2C933AA10071A1D1 /* PBXTargetDependency */ = {
			isa = PBXTargetDependency;
			productRef = A977F67D2C933AA10071A1D1 /* SwiftLintBuildToolPlugin */;
		};
/* End PBXTargetDependency section */

/* Begin XCBuildConfiguration section */
		653A256F28338800005D4D48 /* Debug */ = {
			isa = XCBuildConfiguration;
			buildSettings = {
				ALWAYS_SEARCH_USER_PATHS = NO;
				ASSETCATALOG_COMPILER_GENERATE_SWIFT_ASSET_SYMBOL_EXTENSIONS = YES;
				CLANG_ANALYZER_NONNULL = YES;
				CLANG_ANALYZER_NUMBER_OBJECT_CONVERSION = YES_AGGRESSIVE;
				CLANG_CXX_LANGUAGE_STANDARD = "gnu++17";
				CLANG_ENABLE_MODULES = YES;
				CLANG_ENABLE_OBJC_ARC = YES;
				CLANG_ENABLE_OBJC_WEAK = YES;
				CLANG_WARN_BLOCK_CAPTURE_AUTORELEASING = YES;
				CLANG_WARN_BOOL_CONVERSION = YES;
				CLANG_WARN_COMMA = YES;
				CLANG_WARN_CONSTANT_CONVERSION = YES;
				CLANG_WARN_DEPRECATED_OBJC_IMPLEMENTATIONS = YES;
				CLANG_WARN_DIRECT_OBJC_ISA_USAGE = YES_ERROR;
				CLANG_WARN_DOCUMENTATION_COMMENTS = YES;
				CLANG_WARN_EMPTY_BODY = YES;
				CLANG_WARN_ENUM_CONVERSION = YES;
				CLANG_WARN_INFINITE_RECURSION = YES;
				CLANG_WARN_INT_CONVERSION = YES;
				CLANG_WARN_NON_LITERAL_NULL_CONVERSION = YES;
				CLANG_WARN_OBJC_IMPLICIT_RETAIN_SELF = YES;
				CLANG_WARN_OBJC_LITERAL_CONVERSION = YES;
				CLANG_WARN_OBJC_ROOT_CLASS = YES_ERROR;
				CLANG_WARN_QUOTED_INCLUDE_IN_FRAMEWORK_HEADER = YES;
				CLANG_WARN_RANGE_LOOP_ANALYSIS = YES;
				CLANG_WARN_STRICT_PROTOTYPES = YES;
				CLANG_WARN_SUSPICIOUS_MOVE = YES;
				CLANG_WARN_UNGUARDED_AVAILABILITY = YES_AGGRESSIVE;
				CLANG_WARN_UNREACHABLE_CODE = YES;
				CLANG_WARN__DUPLICATE_METHOD_MATCH = YES;
				COPY_PHASE_STRIP = NO;
				DEBUG_INFORMATION_FORMAT = dwarf;
				ENABLE_STRICT_OBJC_MSGSEND = YES;
				ENABLE_TESTABILITY = YES;
				ENABLE_USER_SCRIPT_SANDBOXING = YES;
				GCC_C_LANGUAGE_STANDARD = gnu11;
				GCC_DYNAMIC_NO_PIC = NO;
				GCC_NO_COMMON_BLOCKS = YES;
				GCC_OPTIMIZATION_LEVEL = 0;
				GCC_PREPROCESSOR_DEFINITIONS = (
					"DEBUG=1",
					"$(inherited)",
				);
				GCC_WARN_64_TO_32_BIT_CONVERSION = YES;
				GCC_WARN_ABOUT_RETURN_TYPE = YES_ERROR;
				GCC_WARN_UNDECLARED_SELECTOR = YES;
				GCC_WARN_UNINITIALIZED_AUTOS = YES_AGGRESSIVE;
				GCC_WARN_UNUSED_FUNCTION = YES;
				GCC_WARN_UNUSED_VARIABLE = YES;
				INFOPLIST_KEY_LSApplicationCategoryType = "public.app-category.healthcare-fitness";
				IPHONEOS_DEPLOYMENT_TARGET = 17.0;
				LOCALIZATION_PREFERS_STRING_CATALOGS = YES;
				MTL_ENABLE_DEBUG_INFO = INCLUDE_SOURCE;
				MTL_FAST_MATH = YES;
				ONLY_ACTIVE_ARCH = YES;
				SDKROOT = iphoneos;
				SWIFT_ACTIVE_COMPILATION_CONDITIONS = DEBUG;
				SWIFT_OPTIMIZATION_LEVEL = "-Onone";
				SWIFT_VERSION = 6.0;
				XROS_DEPLOYMENT_TARGET = 1.0;
			};
			name = Debug;
		};
		653A257028338800005D4D48 /* Release */ = {
			isa = XCBuildConfiguration;
			buildSettings = {
				ALWAYS_SEARCH_USER_PATHS = NO;
				ASSETCATALOG_COMPILER_GENERATE_SWIFT_ASSET_SYMBOL_EXTENSIONS = YES;
				CLANG_ANALYZER_NONNULL = YES;
				CLANG_ANALYZER_NUMBER_OBJECT_CONVERSION = YES_AGGRESSIVE;
				CLANG_CXX_LANGUAGE_STANDARD = "gnu++17";
				CLANG_ENABLE_MODULES = YES;
				CLANG_ENABLE_OBJC_ARC = YES;
				CLANG_ENABLE_OBJC_WEAK = YES;
				CLANG_WARN_BLOCK_CAPTURE_AUTORELEASING = YES;
				CLANG_WARN_BOOL_CONVERSION = YES;
				CLANG_WARN_COMMA = YES;
				CLANG_WARN_CONSTANT_CONVERSION = YES;
				CLANG_WARN_DEPRECATED_OBJC_IMPLEMENTATIONS = YES;
				CLANG_WARN_DIRECT_OBJC_ISA_USAGE = YES_ERROR;
				CLANG_WARN_DOCUMENTATION_COMMENTS = YES;
				CLANG_WARN_EMPTY_BODY = YES;
				CLANG_WARN_ENUM_CONVERSION = YES;
				CLANG_WARN_INFINITE_RECURSION = YES;
				CLANG_WARN_INT_CONVERSION = YES;
				CLANG_WARN_NON_LITERAL_NULL_CONVERSION = YES;
				CLANG_WARN_OBJC_IMPLICIT_RETAIN_SELF = YES;
				CLANG_WARN_OBJC_LITERAL_CONVERSION = YES;
				CLANG_WARN_OBJC_ROOT_CLASS = YES_ERROR;
				CLANG_WARN_QUOTED_INCLUDE_IN_FRAMEWORK_HEADER = YES;
				CLANG_WARN_RANGE_LOOP_ANALYSIS = YES;
				CLANG_WARN_STRICT_PROTOTYPES = YES;
				CLANG_WARN_SUSPICIOUS_MOVE = YES;
				CLANG_WARN_UNGUARDED_AVAILABILITY = YES_AGGRESSIVE;
				CLANG_WARN_UNREACHABLE_CODE = YES;
				CLANG_WARN__DUPLICATE_METHOD_MATCH = YES;
				COPY_PHASE_STRIP = NO;
				DEBUG_INFORMATION_FORMAT = "dwarf-with-dsym";
				ENABLE_NS_ASSERTIONS = NO;
				ENABLE_STRICT_OBJC_MSGSEND = YES;
				ENABLE_USER_SCRIPT_SANDBOXING = YES;
				GCC_C_LANGUAGE_STANDARD = gnu11;
				GCC_NO_COMMON_BLOCKS = YES;
				GCC_WARN_64_TO_32_BIT_CONVERSION = YES;
				GCC_WARN_ABOUT_RETURN_TYPE = YES_ERROR;
				GCC_WARN_UNDECLARED_SELECTOR = YES;
				GCC_WARN_UNINITIALIZED_AUTOS = YES_AGGRESSIVE;
				GCC_WARN_UNUSED_FUNCTION = YES;
				GCC_WARN_UNUSED_VARIABLE = YES;
				INFOPLIST_KEY_LSApplicationCategoryType = "public.app-category.healthcare-fitness";
				IPHONEOS_DEPLOYMENT_TARGET = 17.0;
				LOCALIZATION_PREFERS_STRING_CATALOGS = YES;
				MTL_ENABLE_DEBUG_INFO = NO;
				MTL_FAST_MATH = YES;
				SDKROOT = iphoneos;
				SWIFT_COMPILATION_MODE = wholemodule;
				SWIFT_OPTIMIZATION_LEVEL = "-O";
				SWIFT_VERSION = 6.0;
				VALIDATE_PRODUCT = YES;
				XROS_DEPLOYMENT_TARGET = 1.0;
			};
			name = Release;
		};
		653A257228338800005D4D48 /* Debug */ = {
			isa = XCBuildConfiguration;
			buildSettings = {
				ASSETCATALOG_COMPILER_APPICON_NAME = AppIcon;
				ASSETCATALOG_COMPILER_GLOBAL_ACCENT_COLOR_NAME = AccentColor;
				CLANG_ENABLE_MODULES = YES;
				CODE_SIGN_ENTITLEMENTS = "NAMS/Supporting Files/NAMS.entitlements";
				CODE_SIGN_IDENTITY = "Apple Development";
				"CODE_SIGN_IDENTITY[sdk=iphoneos*]" = "iPhone Developer";
				CODE_SIGN_STYLE = Manual;
				CURRENT_PROJECT_VERSION = 1;
				DEVELOPMENT_ASSET_PATHS = "";
				DEVELOPMENT_TEAM = "";
				"DEVELOPMENT_TEAM[sdk=iphoneos*]" = 637867499T;
				"DEVELOPMENT_TEAM[sdk=xros*]" = 637867499T;
				ENABLE_PREVIEWS = YES;
				FRAMEWORK_SEARCH_PATHS = (
					"$(inherited)",
					"$(PROJECT_DIR)",
				);
				GENERATE_INFOPLIST_FILE = YES;
				INFOPLIST_FILE = "NAMS/Supporting Files/Info.plist";
				INFOPLIST_KEY_CFBundleDisplayName = NeuroNest;
				INFOPLIST_KEY_LSApplicationCategoryType = "public.app-category.healthcare-fitness";
				INFOPLIST_KEY_NSBluetoothAlwaysUsageDescription = "This application uses Bluetooth to connect to EEG headbands.";
				INFOPLIST_KEY_NSCameraUsageDescription = "This message should never appear. Please adjust this when you start using camera information. We have to put this in here as ResearchKit has the possibility to use it and not putting it here returns an error on AppStore Connect.";
				INFOPLIST_KEY_NSHealthShareUsageDescription = "The Neurodevelopment Assessment and Monitoring System (NAMS) uses the step count to demonstrate Spezi's integration with HealthKit.";
				INFOPLIST_KEY_NSHealthUpdateUsageDescription = "The Neurodevelopment Assessment and Monitoring System (NAMS) uses the step count to demonstrate Spezi's integration with HealthKit.";
				INFOPLIST_KEY_NSLocationAlwaysAndWhenInUseUsageDescription = "This message should never appear. Please adjust this when you start using location information. We have to put this in here as ResearchKit has the possibility to use it and not putting it here returns an error on AppStore Connect.";
				INFOPLIST_KEY_NSLocationWhenInUseUsageDescription = "This message should never appear. Please adjust this when you start using location information. We have to put this in here as ResearchKit has the possibility to use it and not putting it here returns an error on AppStore Connect.";
				INFOPLIST_KEY_NSMicrophoneUsageDescription = "This message should never appear. Please adjust this when you start using microphone information. We have to put this in here as ResearchKit has the possibility to use it and not putting it here returns an error on AppStore Connect.";
				INFOPLIST_KEY_NSMotionUsageDescription = "This message should never appear. Please adjust this when you start using motion information. We have to put this in here as ResearchKit has the possibility to use it and not putting it here returns an error on AppStore Connect.";
				INFOPLIST_KEY_NSSpeechRecognitionUsageDescription = "This message should never appear. Please adjust this when you start using speecg information. We have to put this in here as ResearchKit has the possibility to use it and not putting it here returns an error on AppStore Connect.";
				INFOPLIST_KEY_UILaunchScreen_Generation = YES;
				INFOPLIST_KEY_UINAMSlicationSceneManifest_Generation = YES;
				INFOPLIST_KEY_UINAMSlicationSupportsIndirectInputEvents = YES;
				INFOPLIST_KEY_UISupportedInterfaceOrientations = UIInterfaceOrientationPortrait;
				INFOPLIST_KEY_UISupportedInterfaceOrientations_iPad = "UIInterfaceOrientationLandscapeLeft UIInterfaceOrientationLandscapeRight UIInterfaceOrientationPortrait UIInterfaceOrientationPortraitUpsideDown";
				LD_RUNPATH_SEARCH_PATHS = (
					"$(inherited)",
					"@executable_path/Frameworks",
				);
				MARKETING_VERSION = 1.0;
				PRODUCT_BUNDLE_IDENTIFIER = edu.stanford.bdhg.nams;
				PRODUCT_NAME = "$(TARGET_NAME)";
				PROVISIONING_PROFILE_SPECIFIER = "";
				"PROVISIONING_PROFILE_SPECIFIER[sdk=iphoneos*]" = "Stanford BDHG NeuroNest - Development Andi 2";
				"PROVISIONING_PROFILE_SPECIFIER[sdk=xros*]" = "Stanford BDHG NeuroNest - Development Andi";
				SUPPORTED_PLATFORMS = "iphoneos iphonesimulator xros xrsimulator";
				SUPPORTS_MACCATALYST = NO;
				SUPPORTS_MAC_DESIGNED_FOR_IPHONE_IPAD = NO;
				SUPPORTS_XR_DESIGNED_FOR_IPHONE_IPAD = NO;
				"SWIFT_ELicenseRef-NAMS_LOC_STRINGS" = YES;
				SWIFT_EMIT_LOC_STRINGS = YES;
				SWIFT_OBJC_BRIDGING_HEADER = "NAMS/Supporting Files/NAMS-Bridging-Header.h";
				SWIFT_OPTIMIZATION_LEVEL = "-Onone";
				SWIFT_VERSION = 5.0;
				TARGETED_DEVICE_FAMILY = "1,2,7";
			};
			name = Debug;
		};
		653A257328338800005D4D48 /* Release */ = {
			isa = XCBuildConfiguration;
			buildSettings = {
				ASSETCATALOG_COMPILER_APPICON_NAME = AppIcon;
				ASSETCATALOG_COMPILER_GLOBAL_ACCENT_COLOR_NAME = AccentColor;
				CLANG_ENABLE_MODULES = YES;
				CODE_SIGN_ENTITLEMENTS = "NAMS/Supporting Files/NAMS.entitlements";
				CODE_SIGN_IDENTITY = "Apple Development";
				"CODE_SIGN_IDENTITY[sdk=iphoneos*]" = "iPhone Distribution";
				CODE_SIGN_STYLE = Manual;
				CURRENT_PROJECT_VERSION = 1;
				DEVELOPMENT_ASSET_PATHS = "";
				DEVELOPMENT_TEAM = "";
				"DEVELOPMENT_TEAM[sdk=iphoneos*]" = 637867499T;
				ENABLE_PREVIEWS = YES;
				FRAMEWORK_SEARCH_PATHS = (
					"$(inherited)",
					"$(PROJECT_DIR)",
				);
				GENERATE_INFOPLIST_FILE = YES;
				INFOPLIST_FILE = "NAMS/Supporting Files/Info.plist";
				INFOPLIST_KEY_CFBundleDisplayName = NeuroNest;
				INFOPLIST_KEY_LSApplicationCategoryType = "public.app-category.healthcare-fitness";
				INFOPLIST_KEY_NSBluetoothAlwaysUsageDescription = "This application uses Bluetooth to connect to EEG headbands.";
				INFOPLIST_KEY_NSCameraUsageDescription = "This message should never appear. Please adjust this when you start using camera information. We have to put this in here as ResearchKit has the possibility to use it and not putting it here returns an error on AppStore Connect.";
				INFOPLIST_KEY_NSHealthShareUsageDescription = "The Neurodevelopment Assessment and Monitoring System (NAMS) uses the step count to demonstrate Spezi's integration with HealthKit.";
				INFOPLIST_KEY_NSHealthUpdateUsageDescription = "The Neurodevelopment Assessment and Monitoring System (NAMS) uses the step count to demonstrate Spezi's integration with HealthKit.";
				INFOPLIST_KEY_NSLocationAlwaysAndWhenInUseUsageDescription = "This message should never appear. Please adjust this when you start using location information. We have to put this in here as ResearchKit has the possibility to use it and not putting it here returns an error on AppStore Connect.";
				INFOPLIST_KEY_NSLocationWhenInUseUsageDescription = "This message should never appear. Please adjust this when you start using location information. We have to put this in here as ResearchKit has the possibility to use it and not putting it here returns an error on AppStore Connect.";
				INFOPLIST_KEY_NSMicrophoneUsageDescription = "This message should never appear. Please adjust this when you start using microphone information. We have to put this in here as ResearchKit has the possibility to use it and not putting it here returns an error on AppStore Connect.";
				INFOPLIST_KEY_NSMotionUsageDescription = "This message should never appear. Please adjust this when you start using motion information. We have to put this in here as ResearchKit has the possibility to use it and not putting it here returns an error on AppStore Connect.";
				INFOPLIST_KEY_NSSpeechRecognitionUsageDescription = "This message should never appear. Please adjust this when you start using speecg information. We have to put this in here as ResearchKit has the possibility to use it and not putting it here returns an error on AppStore Connect.";
				INFOPLIST_KEY_UILaunchScreen_Generation = YES;
				INFOPLIST_KEY_UINAMSlicationSceneManifest_Generation = YES;
				INFOPLIST_KEY_UINAMSlicationSupportsIndirectInputEvents = YES;
				INFOPLIST_KEY_UISupportedInterfaceOrientations = UIInterfaceOrientationPortrait;
				INFOPLIST_KEY_UISupportedInterfaceOrientations_iPad = "UIInterfaceOrientationLandscapeLeft UIInterfaceOrientationLandscapeRight UIInterfaceOrientationPortrait UIInterfaceOrientationPortraitUpsideDown";
				LD_RUNPATH_SEARCH_PATHS = (
					"$(inherited)",
					"@executable_path/Frameworks",
				);
				MARKETING_VERSION = 1.0;
				PRODUCT_BUNDLE_IDENTIFIER = edu.stanford.bdhg.nams;
				PRODUCT_NAME = "$(TARGET_NAME)";
				PROVISIONING_PROFILE_SPECIFIER = "";
				"PROVISIONING_PROFILE_SPECIFIER[sdk=iphoneos*]" = "Stanford BDHG NeuroNest";
				SUPPORTED_PLATFORMS = "iphoneos iphonesimulator xros xrsimulator";
				SUPPORTS_MACCATALYST = NO;
				SUPPORTS_MAC_DESIGNED_FOR_IPHONE_IPAD = NO;
				SUPPORTS_XR_DESIGNED_FOR_IPHONE_IPAD = NO;
				"SWIFT_ELicenseRef-NAMS_LOC_STRINGS" = YES;
				SWIFT_EMIT_LOC_STRINGS = YES;
				SWIFT_OBJC_BRIDGING_HEADER = "NAMS/Supporting Files/NAMS-Bridging-Header.h";
				SWIFT_VERSION = 5.0;
				TARGETED_DEVICE_FAMILY = "1,2,7";
			};
			name = Release;
		};
		653A257528338800005D4D48 /* Debug */ = {
			isa = XCBuildConfiguration;
			buildSettings = {
				BUNDLE_LOADER = "$(TEST_HOST)";
				CODE_SIGN_STYLE = Automatic;
				CURRENT_PROJECT_VERSION = 1;
				DEVELOPMENT_TEAM = "";
				GENERATE_INFOPLIST_FILE = YES;
				MARKETING_VERSION = 1.0;
				PRODUCT_BUNDLE_IDENTIFIER = edu.stanford.spezi.templateapplication.tests;
				PRODUCT_NAME = "$(TARGET_NAME)";
				"SWIFT_ELicenseRef-NAMS_LOC_STRINGS" = NO;
				SWIFT_VERSION = 5.0;
				TARGETED_DEVICE_FAMILY = "1,2";
				TEST_HOST = "$(BUILT_PRODUCTS_DIR)/NAMS.app/$(BUNDLE_EXECUTABLE_FOLDER_PATH)/NAMS";
			};
			name = Debug;
		};
		653A257628338800005D4D48 /* Release */ = {
			isa = XCBuildConfiguration;
			buildSettings = {
				BUNDLE_LOADER = "$(TEST_HOST)";
				CODE_SIGN_STYLE = Automatic;
				CURRENT_PROJECT_VERSION = 1;
				DEVELOPMENT_TEAM = "";
				GENERATE_INFOPLIST_FILE = YES;
				MARKETING_VERSION = 1.0;
				PRODUCT_BUNDLE_IDENTIFIER = edu.stanford.spezi.templateapplication.tests;
				PRODUCT_NAME = "$(TARGET_NAME)";
				"SWIFT_ELicenseRef-NAMS_LOC_STRINGS" = NO;
				SWIFT_VERSION = 5.0;
				TARGETED_DEVICE_FAMILY = "1,2";
				TEST_HOST = "$(BUILT_PRODUCTS_DIR)/NAMS.app/$(BUNDLE_EXECUTABLE_FOLDER_PATH)/NAMS";
			};
			name = Release;
		};
		653A257828338800005D4D48 /* Debug */ = {
			isa = XCBuildConfiguration;
			buildSettings = {
				CODE_SIGN_STYLE = Automatic;
				CURRENT_PROJECT_VERSION = 1;
				DEVELOPMENT_TEAM = "";
				GENERATE_INFOPLIST_FILE = YES;
				MARKETING_VERSION = 1.0;
				PRODUCT_BUNDLE_IDENTIFIER = edu.stanford.spezi.templateapplicationuitests;
				PRODUCT_NAME = "$(TARGET_NAME)";
				"SWIFT_ELicenseRef-NAMS_LOC_STRINGS" = NO;
				SWIFT_VERSION = 5.0;
				TARGETED_DEVICE_FAMILY = "1,2";
				TEST_TARGET_NAME = NAMS;
			};
			name = Debug;
		};
		653A257928338800005D4D48 /* Release */ = {
			isa = XCBuildConfiguration;
			buildSettings = {
				CODE_SIGN_STYLE = Automatic;
				CURRENT_PROJECT_VERSION = 1;
				DEVELOPMENT_TEAM = "";
				GENERATE_INFOPLIST_FILE = YES;
				MARKETING_VERSION = 1.0;
				PRODUCT_BUNDLE_IDENTIFIER = edu.stanford.spezi.templateapplicationuitests;
				PRODUCT_NAME = "$(TARGET_NAME)";
				"SWIFT_ELicenseRef-NAMS_LOC_STRINGS" = NO;
				SWIFT_VERSION = 5.0;
				TARGETED_DEVICE_FAMILY = "1,2";
				TEST_TARGET_NAME = NAMS;
			};
			name = Release;
		};
		A926D7C02AB7A552000C4C2F /* Debug */ = {
			isa = XCBuildConfiguration;
			buildSettings = {
				ASSETCATALOG_COMPILER_APPICON_NAME = AppIcon;
				ASSETCATALOG_COMPILER_GLOBAL_ACCENT_COLOR_NAME = AccentColor;
				CLANG_ENABLE_MODULES = YES;
				CODE_SIGN_ENTITLEMENTS = "NAMS/Supporting Files/NAMS.entitlements";
				CODE_SIGN_IDENTITY = "Apple Development";
				"CODE_SIGN_IDENTITY[sdk=iphoneos*]" = "iPhone Developer";
				CODE_SIGN_STYLE = Manual;
				CURRENT_PROJECT_VERSION = 1;
				DEVELOPMENT_ASSET_PATHS = "";
				DEVELOPMENT_TEAM = "";
				"DEVELOPMENT_TEAM[sdk=iphoneos*]" = 637867499T;
				ENABLE_PREVIEWS = YES;
				FRAMEWORK_SEARCH_PATHS = (
					"$(inherited)",
					"$(PROJECT_DIR)",
				);
				GCC_PREPROCESSOR_DEFINITIONS = (
					"MUSE=1",
					"$(inherited)",
				);
				GENERATE_INFOPLIST_FILE = YES;
				INFOPLIST_FILE = "NAMS/Supporting Files/Info.plist";
				INFOPLIST_KEY_CFBundleDisplayName = NeuroNest;
				INFOPLIST_KEY_LSApplicationCategoryType = "public.app-category.healthcare-fitness";
				INFOPLIST_KEY_NSBluetoothAlwaysUsageDescription = "This application uses Bluetooth to connect to EEG headbands.";
				INFOPLIST_KEY_NSCameraUsageDescription = "This message should never appear. Please adjust this when you start using camera information. We have to put this in here as ResearchKit has the possibility to use it and not putting it here returns an error on AppStore Connect.";
				INFOPLIST_KEY_NSHealthShareUsageDescription = "The Neurodevelopment Assessment and Monitoring System (NAMS) uses the step count to demonstrate Spezi's integration with HealthKit.";
				INFOPLIST_KEY_NSHealthUpdateUsageDescription = "The Neurodevelopment Assessment and Monitoring System (NAMS) uses the step count to demonstrate Spezi's integration with HealthKit.";
				INFOPLIST_KEY_NSLocationAlwaysAndWhenInUseUsageDescription = "This message should never appear. Please adjust this when you start using location information. We have to put this in here as ResearchKit has the possibility to use it and not putting it here returns an error on AppStore Connect.";
				INFOPLIST_KEY_NSLocationWhenInUseUsageDescription = "This message should never appear. Please adjust this when you start using location information. We have to put this in here as ResearchKit has the possibility to use it and not putting it here returns an error on AppStore Connect.";
				INFOPLIST_KEY_NSMicrophoneUsageDescription = "This message should never appear. Please adjust this when you start using microphone information. We have to put this in here as ResearchKit has the possibility to use it and not putting it here returns an error on AppStore Connect.";
				INFOPLIST_KEY_NSMotionUsageDescription = "This message should never appear. Please adjust this when you start using motion information. We have to put this in here as ResearchKit has the possibility to use it and not putting it here returns an error on AppStore Connect.";
				INFOPLIST_KEY_NSSpeechRecognitionUsageDescription = "This message should never appear. Please adjust this when you start using speecg information. We have to put this in here as ResearchKit has the possibility to use it and not putting it here returns an error on AppStore Connect.";
				INFOPLIST_KEY_UILaunchScreen_Generation = YES;
				INFOPLIST_KEY_UINAMSlicationSceneManifest_Generation = YES;
				INFOPLIST_KEY_UINAMSlicationSupportsIndirectInputEvents = YES;
				INFOPLIST_KEY_UISupportedInterfaceOrientations = UIInterfaceOrientationPortrait;
				INFOPLIST_KEY_UISupportedInterfaceOrientations_iPad = "UIInterfaceOrientationLandscapeLeft UIInterfaceOrientationLandscapeRight UIInterfaceOrientationPortrait UIInterfaceOrientationPortraitUpsideDown";
				LD_RUNPATH_SEARCH_PATHS = (
					"$(inherited)",
					"@executable_path/Frameworks",
				);
				MARKETING_VERSION = 1.0;
				PRODUCT_BUNDLE_IDENTIFIER = edu.stanford.bdhg.nams;
				PRODUCT_NAME = "$(TARGET_NAME)";
				PROVISIONING_PROFILE_SPECIFIER = "";
				"PROVISIONING_PROFILE_SPECIFIER[sdk=iphoneos*]" = "Stanford BDHG NeuroNest - Development Andi 2";
				SUPPORTED_PLATFORMS = "iphoneos iphonesimulator";
				SUPPORTS_MACCATALYST = NO;
				SUPPORTS_MAC_DESIGNED_FOR_IPHONE_IPAD = NO;
				SUPPORTS_XR_DESIGNED_FOR_IPHONE_IPAD = YES;
				SWIFT_ACTIVE_COMPILATION_CONDITIONS = "DEBUG MUSE";
				"SWIFT_ELicenseRef-NAMS_LOC_STRINGS" = YES;
				SWIFT_EMIT_LOC_STRINGS = YES;
				SWIFT_OBJC_BRIDGING_HEADER = "NAMS/Supporting Files/NAMS-Bridging-Header.h";
				SWIFT_OPTIMIZATION_LEVEL = "-Onone";
				SWIFT_VERSION = 5.0;
				TARGETED_DEVICE_FAMILY = "1,2";
			};
			name = Debug;
		};
		A926D7C22AB7A552000C4C2F /* Release */ = {
			isa = XCBuildConfiguration;
			buildSettings = {
				ASSETCATALOG_COMPILER_APPICON_NAME = AppIcon;
				ASSETCATALOG_COMPILER_GLOBAL_ACCENT_COLOR_NAME = AccentColor;
				CLANG_ENABLE_MODULES = YES;
				CODE_SIGN_ENTITLEMENTS = "NAMS/Supporting Files/NAMS.entitlements";
				CODE_SIGN_IDENTITY = "Apple Development";
				"CODE_SIGN_IDENTITY[sdk=iphoneos*]" = "iPhone Distribution";
				CODE_SIGN_STYLE = Manual;
				CURRENT_PROJECT_VERSION = 1;
				DEVELOPMENT_ASSET_PATHS = "";
				DEVELOPMENT_TEAM = "";
				"DEVELOPMENT_TEAM[sdk=iphoneos*]" = 637867499T;
				ENABLE_PREVIEWS = YES;
				FRAMEWORK_SEARCH_PATHS = (
					"$(inherited)",
					"$(PROJECT_DIR)",
				);
				GCC_PREPROCESSOR_DEFINITIONS = "MUSE=1";
				GENERATE_INFOPLIST_FILE = YES;
				INFOPLIST_FILE = "NAMS/Supporting Files/Info.plist";
				INFOPLIST_KEY_CFBundleDisplayName = NeuroNest;
				INFOPLIST_KEY_LSApplicationCategoryType = "public.app-category.healthcare-fitness";
				INFOPLIST_KEY_NSBluetoothAlwaysUsageDescription = "This application uses Bluetooth to connect to EEG headbands.";
				INFOPLIST_KEY_NSCameraUsageDescription = "This message should never appear. Please adjust this when you start using camera information. We have to put this in here as ResearchKit has the possibility to use it and not putting it here returns an error on AppStore Connect.";
				INFOPLIST_KEY_NSHealthShareUsageDescription = "The Neurodevelopment Assessment and Monitoring System (NAMS) uses the step count to demonstrate Spezi's integration with HealthKit.";
				INFOPLIST_KEY_NSHealthUpdateUsageDescription = "The Neurodevelopment Assessment and Monitoring System (NAMS) uses the step count to demonstrate Spezi's integration with HealthKit.";
				INFOPLIST_KEY_NSLocationAlwaysAndWhenInUseUsageDescription = "This message should never appear. Please adjust this when you start using location information. We have to put this in here as ResearchKit has the possibility to use it and not putting it here returns an error on AppStore Connect.";
				INFOPLIST_KEY_NSLocationWhenInUseUsageDescription = "This message should never appear. Please adjust this when you start using location information. We have to put this in here as ResearchKit has the possibility to use it and not putting it here returns an error on AppStore Connect.";
				INFOPLIST_KEY_NSMicrophoneUsageDescription = "This message should never appear. Please adjust this when you start using microphone information. We have to put this in here as ResearchKit has the possibility to use it and not putting it here returns an error on AppStore Connect.";
				INFOPLIST_KEY_NSMotionUsageDescription = "This message should never appear. Please adjust this when you start using motion information. We have to put this in here as ResearchKit has the possibility to use it and not putting it here returns an error on AppStore Connect.";
				INFOPLIST_KEY_NSSpeechRecognitionUsageDescription = "This message should never appear. Please adjust this when you start using speecg information. We have to put this in here as ResearchKit has the possibility to use it and not putting it here returns an error on AppStore Connect.";
				INFOPLIST_KEY_UILaunchScreen_Generation = YES;
				INFOPLIST_KEY_UINAMSlicationSceneManifest_Generation = YES;
				INFOPLIST_KEY_UINAMSlicationSupportsIndirectInputEvents = YES;
				INFOPLIST_KEY_UISupportedInterfaceOrientations = UIInterfaceOrientationPortrait;
				INFOPLIST_KEY_UISupportedInterfaceOrientations_iPad = "UIInterfaceOrientationLandscapeLeft UIInterfaceOrientationLandscapeRight UIInterfaceOrientationPortrait UIInterfaceOrientationPortraitUpsideDown";
				LD_RUNPATH_SEARCH_PATHS = (
					"$(inherited)",
					"@executable_path/Frameworks",
				);
				MARKETING_VERSION = 1.0;
				PRODUCT_BUNDLE_IDENTIFIER = edu.stanford.bdhg.nams;
				PRODUCT_NAME = "$(TARGET_NAME)";
				PROVISIONING_PROFILE_SPECIFIER = "";
				"PROVISIONING_PROFILE_SPECIFIER[sdk=iphoneos*]" = "Stanford BDHG NeuroNest";
				SUPPORTED_PLATFORMS = "iphoneos iphonesimulator";
				SUPPORTS_MACCATALYST = NO;
				SUPPORTS_MAC_DESIGNED_FOR_IPHONE_IPAD = NO;
				SUPPORTS_XR_DESIGNED_FOR_IPHONE_IPAD = YES;
				SWIFT_ACTIVE_COMPILATION_CONDITIONS = MUSE;
				"SWIFT_ELicenseRef-NAMS_LOC_STRINGS" = YES;
				SWIFT_EMIT_LOC_STRINGS = YES;
				SWIFT_OBJC_BRIDGING_HEADER = "NAMS/Supporting Files/NAMS-Bridging-Header.h";
				SWIFT_VERSION = 5.0;
				TARGETED_DEVICE_FAMILY = "1,2";
			};
			name = Release;
		};
		A9EC7BFA2AE715F9003D572E /* Test */ = {
			isa = XCBuildConfiguration;
			buildSettings = {
				ALWAYS_SEARCH_USER_PATHS = NO;
				ASSETCATALOG_COMPILER_GENERATE_SWIFT_ASSET_SYMBOL_EXTENSIONS = YES;
				CLANG_ANALYZER_NONNULL = YES;
				CLANG_ANALYZER_NUMBER_OBJECT_CONVERSION = YES_AGGRESSIVE;
				CLANG_CXX_LANGUAGE_STANDARD = "gnu++17";
				CLANG_ENABLE_MODULES = YES;
				CLANG_ENABLE_OBJC_ARC = YES;
				CLANG_ENABLE_OBJC_WEAK = YES;
				CLANG_WARN_BLOCK_CAPTURE_AUTORELEASING = YES;
				CLANG_WARN_BOOL_CONVERSION = YES;
				CLANG_WARN_COMMA = YES;
				CLANG_WARN_CONSTANT_CONVERSION = YES;
				CLANG_WARN_DEPRECATED_OBJC_IMPLEMENTATIONS = YES;
				CLANG_WARN_DIRECT_OBJC_ISA_USAGE = YES_ERROR;
				CLANG_WARN_DOCUMENTATION_COMMENTS = YES;
				CLANG_WARN_EMPTY_BODY = YES;
				CLANG_WARN_ENUM_CONVERSION = YES;
				CLANG_WARN_INFINITE_RECURSION = YES;
				CLANG_WARN_INT_CONVERSION = YES;
				CLANG_WARN_NON_LITERAL_NULL_CONVERSION = YES;
				CLANG_WARN_OBJC_IMPLICIT_RETAIN_SELF = YES;
				CLANG_WARN_OBJC_LITERAL_CONVERSION = YES;
				CLANG_WARN_OBJC_ROOT_CLASS = YES_ERROR;
				CLANG_WARN_QUOTED_INCLUDE_IN_FRAMEWORK_HEADER = YES;
				CLANG_WARN_RANGE_LOOP_ANALYSIS = YES;
				CLANG_WARN_STRICT_PROTOTYPES = YES;
				CLANG_WARN_SUSPICIOUS_MOVE = YES;
				CLANG_WARN_UNGUARDED_AVAILABILITY = YES_AGGRESSIVE;
				CLANG_WARN_UNREACHABLE_CODE = YES;
				CLANG_WARN__DUPLICATE_METHOD_MATCH = YES;
				COPY_PHASE_STRIP = NO;
				DEBUG_INFORMATION_FORMAT = dwarf;
				ENABLE_STRICT_OBJC_MSGSEND = YES;
				ENABLE_TESTABILITY = YES;
				ENABLE_USER_SCRIPT_SANDBOXING = YES;
				GCC_C_LANGUAGE_STANDARD = gnu11;
				GCC_DYNAMIC_NO_PIC = NO;
				GCC_NO_COMMON_BLOCKS = YES;
				GCC_OPTIMIZATION_LEVEL = 0;
				GCC_PREPROCESSOR_DEFINITIONS = (
					"TEST=1",
					"$(inherited)",
				);
				GCC_WARN_64_TO_32_BIT_CONVERSION = YES;
				GCC_WARN_ABOUT_RETURN_TYPE = YES_ERROR;
				GCC_WARN_UNDECLARED_SELECTOR = YES;
				GCC_WARN_UNINITIALIZED_AUTOS = YES_AGGRESSIVE;
				GCC_WARN_UNUSED_FUNCTION = YES;
				GCC_WARN_UNUSED_VARIABLE = YES;
				INFOPLIST_KEY_LSApplicationCategoryType = "public.app-category.healthcare-fitness";
				IPHONEOS_DEPLOYMENT_TARGET = 17.0;
				LOCALIZATION_PREFERS_STRING_CATALOGS = YES;
				MTL_ENABLE_DEBUG_INFO = INCLUDE_SOURCE;
				MTL_FAST_MATH = YES;
				ONLY_ACTIVE_ARCH = YES;
				SDKROOT = iphoneos;
				SWIFT_ACTIVE_COMPILATION_CONDITIONS = TEST;
				SWIFT_OPTIMIZATION_LEVEL = "-Onone";
				SWIFT_VERSION = 6.0;
				XROS_DEPLOYMENT_TARGET = 1.0;
			};
			name = Test;
		};
		A9EC7BFB2AE715F9003D572E /* Test */ = {
			isa = XCBuildConfiguration;
			buildSettings = {
				ASSETCATALOG_COMPILER_APPICON_NAME = AppIcon;
				ASSETCATALOG_COMPILER_GLOBAL_ACCENT_COLOR_NAME = AccentColor;
				CLANG_ENABLE_MODULES = YES;
				CODE_SIGN_ENTITLEMENTS = "NAMS/Supporting Files/NAMS.entitlements";
				CODE_SIGN_IDENTITY = "Apple Development";
				"CODE_SIGN_IDENTITY[sdk=iphoneos*]" = "iPhone Developer";
				CODE_SIGN_STYLE = Manual;
				CURRENT_PROJECT_VERSION = 1;
				DEVELOPMENT_ASSET_PATHS = "";
				DEVELOPMENT_TEAM = "";
				"DEVELOPMENT_TEAM[sdk=iphoneos*]" = 637867499T;
				"DEVELOPMENT_TEAM[sdk=xros*]" = 637867499T;
				ENABLE_PREVIEWS = YES;
				FRAMEWORK_SEARCH_PATHS = (
					"$(inherited)",
					"$(PROJECT_DIR)",
				);
				GENERATE_INFOPLIST_FILE = YES;
				INFOPLIST_FILE = "NAMS/Supporting Files/Info.plist";
				INFOPLIST_KEY_CFBundleDisplayName = NeuroNest;
				INFOPLIST_KEY_LSApplicationCategoryType = "public.app-category.healthcare-fitness";
				INFOPLIST_KEY_NSBluetoothAlwaysUsageDescription = "This application uses Bluetooth to connect to EEG headbands.";
				INFOPLIST_KEY_NSCameraUsageDescription = "This message should never appear. Please adjust this when you start using camera information. We have to put this in here as ResearchKit has the possibility to use it and not putting it here returns an error on AppStore Connect.";
				INFOPLIST_KEY_NSHealthShareUsageDescription = "The Neurodevelopment Assessment and Monitoring System (NAMS) uses the step count to demonstrate Spezi's integration with HealthKit.";
				INFOPLIST_KEY_NSHealthUpdateUsageDescription = "The Neurodevelopment Assessment and Monitoring System (NAMS) uses the step count to demonstrate Spezi's integration with HealthKit.";
				INFOPLIST_KEY_NSLocationAlwaysAndWhenInUseUsageDescription = "This message should never appear. Please adjust this when you start using location information. We have to put this in here as ResearchKit has the possibility to use it and not putting it here returns an error on AppStore Connect.";
				INFOPLIST_KEY_NSLocationWhenInUseUsageDescription = "This message should never appear. Please adjust this when you start using location information. We have to put this in here as ResearchKit has the possibility to use it and not putting it here returns an error on AppStore Connect.";
				INFOPLIST_KEY_NSMicrophoneUsageDescription = "This message should never appear. Please adjust this when you start using microphone information. We have to put this in here as ResearchKit has the possibility to use it and not putting it here returns an error on AppStore Connect.";
				INFOPLIST_KEY_NSMotionUsageDescription = "This message should never appear. Please adjust this when you start using motion information. We have to put this in here as ResearchKit has the possibility to use it and not putting it here returns an error on AppStore Connect.";
				INFOPLIST_KEY_NSSpeechRecognitionUsageDescription = "This message should never appear. Please adjust this when you start using speecg information. We have to put this in here as ResearchKit has the possibility to use it and not putting it here returns an error on AppStore Connect.";
				INFOPLIST_KEY_UILaunchScreen_Generation = YES;
				INFOPLIST_KEY_UINAMSlicationSceneManifest_Generation = YES;
				INFOPLIST_KEY_UINAMSlicationSupportsIndirectInputEvents = YES;
				INFOPLIST_KEY_UISupportedInterfaceOrientations = UIInterfaceOrientationPortrait;
				INFOPLIST_KEY_UISupportedInterfaceOrientations_iPad = "UIInterfaceOrientationLandscapeLeft UIInterfaceOrientationLandscapeRight UIInterfaceOrientationPortrait UIInterfaceOrientationPortraitUpsideDown";
				LD_RUNPATH_SEARCH_PATHS = (
					"$(inherited)",
					"@executable_path/Frameworks",
				);
				MARKETING_VERSION = 1.0;
				PRODUCT_BUNDLE_IDENTIFIER = edu.stanford.bdhg.nams;
				PRODUCT_NAME = "$(TARGET_NAME)";
				PROVISIONING_PROFILE_SPECIFIER = "";
				"PROVISIONING_PROFILE_SPECIFIER[sdk=iphoneos*]" = "Stanford BDHG NeuroNest - Development Andi 2";
				"PROVISIONING_PROFILE_SPECIFIER[sdk=xros*]" = "Stanford BDHG NeuroNest - Development Andi";
				SUPPORTED_PLATFORMS = "iphoneos iphonesimulator xros xrsimulator";
				SUPPORTS_MACCATALYST = NO;
				SUPPORTS_MAC_DESIGNED_FOR_IPHONE_IPAD = NO;
				SUPPORTS_XR_DESIGNED_FOR_IPHONE_IPAD = NO;
				"SWIFT_ELicenseRef-NAMS_LOC_STRINGS" = YES;
				SWIFT_EMIT_LOC_STRINGS = YES;
				SWIFT_OBJC_BRIDGING_HEADER = "NAMS/Supporting Files/NAMS-Bridging-Header.h";
				SWIFT_OPTIMIZATION_LEVEL = "-Onone";
				SWIFT_VERSION = 5.0;
				TARGETED_DEVICE_FAMILY = "1,2,7";
			};
			name = Test;
		};
		A9EC7BFC2AE715F9003D572E /* Test */ = {
			isa = XCBuildConfiguration;
			buildSettings = {
				ASSETCATALOG_COMPILER_APPICON_NAME = AppIcon;
				ASSETCATALOG_COMPILER_GLOBAL_ACCENT_COLOR_NAME = AccentColor;
				CLANG_ENABLE_MODULES = YES;
				CODE_SIGN_ENTITLEMENTS = "NAMS/Supporting Files/NAMS.entitlements";
				CODE_SIGN_IDENTITY = "Apple Development";
				CODE_SIGN_STYLE = Automatic;
				CURRENT_PROJECT_VERSION = 1;
				DEVELOPMENT_ASSET_PATHS = "";
				DEVELOPMENT_TEAM = "";
				ENABLE_PREVIEWS = YES;
				FRAMEWORK_SEARCH_PATHS = (
					"$(inherited)",
					"$(PROJECT_DIR)",
				);
				GCC_PREPROCESSOR_DEFINITIONS = (
					"MUSE=1",
					"$(inherited)",
				);
				GENERATE_INFOPLIST_FILE = YES;
				INFOPLIST_FILE = "NAMS/Supporting Files/Info.plist";
				INFOPLIST_KEY_CFBundleDisplayName = NeuroNest;
				INFOPLIST_KEY_LSApplicationCategoryType = "public.app-category.healthcare-fitness";
				INFOPLIST_KEY_NSBluetoothAlwaysUsageDescription = "This application uses Bluetooth to connect to EEG headbands.";
				INFOPLIST_KEY_NSCameraUsageDescription = "This message should never appear. Please adjust this when you start using camera information. We have to put this in here as ResearchKit has the possibility to use it and not putting it here returns an error on AppStore Connect.";
				INFOPLIST_KEY_NSHealthShareUsageDescription = "The Neurodevelopment Assessment and Monitoring System (NAMS) uses the step count to demonstrate Spezi's integration with HealthKit.";
				INFOPLIST_KEY_NSHealthUpdateUsageDescription = "The Neurodevelopment Assessment and Monitoring System (NAMS) uses the step count to demonstrate Spezi's integration with HealthKit.";
				INFOPLIST_KEY_NSLocationAlwaysAndWhenInUseUsageDescription = "This message should never appear. Please adjust this when you start using location information. We have to put this in here as ResearchKit has the possibility to use it and not putting it here returns an error on AppStore Connect.";
				INFOPLIST_KEY_NSLocationWhenInUseUsageDescription = "This message should never appear. Please adjust this when you start using location information. We have to put this in here as ResearchKit has the possibility to use it and not putting it here returns an error on AppStore Connect.";
				INFOPLIST_KEY_NSMicrophoneUsageDescription = "This message should never appear. Please adjust this when you start using microphone information. We have to put this in here as ResearchKit has the possibility to use it and not putting it here returns an error on AppStore Connect.";
				INFOPLIST_KEY_NSMotionUsageDescription = "This message should never appear. Please adjust this when you start using motion information. We have to put this in here as ResearchKit has the possibility to use it and not putting it here returns an error on AppStore Connect.";
				INFOPLIST_KEY_NSSpeechRecognitionUsageDescription = "This message should never appear. Please adjust this when you start using speecg information. We have to put this in here as ResearchKit has the possibility to use it and not putting it here returns an error on AppStore Connect.";
				INFOPLIST_KEY_UILaunchScreen_Generation = YES;
				INFOPLIST_KEY_UINAMSlicationSceneManifest_Generation = YES;
				INFOPLIST_KEY_UINAMSlicationSupportsIndirectInputEvents = YES;
				INFOPLIST_KEY_UISupportedInterfaceOrientations = UIInterfaceOrientationPortrait;
				INFOPLIST_KEY_UISupportedInterfaceOrientations_iPad = "UIInterfaceOrientationLandscapeLeft UIInterfaceOrientationLandscapeRight UIInterfaceOrientationPortrait UIInterfaceOrientationPortraitUpsideDown";
				LD_RUNPATH_SEARCH_PATHS = (
					"$(inherited)",
					"@executable_path/Frameworks",
				);
				MARKETING_VERSION = 1.0;
				PRODUCT_BUNDLE_IDENTIFIER = edu.stanford.bdhg.nams;
				PRODUCT_NAME = "$(TARGET_NAME)";
				PROVISIONING_PROFILE_SPECIFIER = "";
				SUPPORTED_PLATFORMS = "iphoneos iphonesimulator";
				SUPPORTS_MACCATALYST = NO;
				SUPPORTS_MAC_DESIGNED_FOR_IPHONE_IPAD = NO;
				SUPPORTS_XR_DESIGNED_FOR_IPHONE_IPAD = YES;
				SWIFT_ACTIVE_COMPILATION_CONDITIONS = "TEST MUSE";
				"SWIFT_ELicenseRef-NAMS_LOC_STRINGS" = YES;
				SWIFT_EMIT_LOC_STRINGS = YES;
				SWIFT_OBJC_BRIDGING_HEADER = "NAMS/Supporting Files/NAMS-Bridging-Header.h";
				SWIFT_OPTIMIZATION_LEVEL = "-Onone";
				SWIFT_VERSION = 5.0;
				TARGETED_DEVICE_FAMILY = "1,2";
			};
			name = Test;
		};
		A9EC7BFD2AE715F9003D572E /* Test */ = {
			isa = XCBuildConfiguration;
			buildSettings = {
				BUNDLE_LOADER = "$(TEST_HOST)";
				CODE_SIGN_STYLE = Automatic;
				CURRENT_PROJECT_VERSION = 1;
				DEVELOPMENT_TEAM = "";
				GENERATE_INFOPLIST_FILE = YES;
				MARKETING_VERSION = 1.0;
				PRODUCT_BUNDLE_IDENTIFIER = edu.stanford.spezi.templateapplication.tests;
				PRODUCT_NAME = "$(TARGET_NAME)";
				"SWIFT_ELicenseRef-NAMS_LOC_STRINGS" = NO;
				SWIFT_VERSION = 5.0;
				TARGETED_DEVICE_FAMILY = "1,2";
				TEST_HOST = "$(BUILT_PRODUCTS_DIR)/NAMS.app/$(BUNDLE_EXECUTABLE_FOLDER_PATH)/NAMS";
			};
			name = Test;
		};
		A9EC7BFE2AE715F9003D572E /* Test */ = {
			isa = XCBuildConfiguration;
			buildSettings = {
				CODE_SIGN_STYLE = Automatic;
				CURRENT_PROJECT_VERSION = 1;
				DEVELOPMENT_TEAM = "";
				GENERATE_INFOPLIST_FILE = YES;
				MARKETING_VERSION = 1.0;
				PRODUCT_BUNDLE_IDENTIFIER = edu.stanford.spezi.templateapplicationuitests;
				PRODUCT_NAME = "$(TARGET_NAME)";
				"SWIFT_ELicenseRef-NAMS_LOC_STRINGS" = NO;
				SWIFT_VERSION = 5.0;
				TARGETED_DEVICE_FAMILY = "1,2";
				TEST_TARGET_NAME = NAMS;
			};
			name = Test;
		};
/* End XCBuildConfiguration section */

/* Begin XCConfigurationList section */
		653A2548283387FE005D4D48 /* Build configuration list for PBXProject "NAMS" */ = {
			isa = XCConfigurationList;
			buildConfigurations = (
				653A256F28338800005D4D48 /* Debug */,
				A9EC7BFA2AE715F9003D572E /* Test */,
				653A257028338800005D4D48 /* Release */,
			);
			defaultConfigurationIsVisible = 0;
			defaultConfigurationName = Release;
		};
		653A257128338800005D4D48 /* Build configuration list for PBXNativeTarget "NAMS" */ = {
			isa = XCConfigurationList;
			buildConfigurations = (
				653A257228338800005D4D48 /* Debug */,
				A9EC7BFB2AE715F9003D572E /* Test */,
				653A257328338800005D4D48 /* Release */,
			);
			defaultConfigurationIsVisible = 0;
			defaultConfigurationName = Release;
		};
		653A257428338800005D4D48 /* Build configuration list for PBXNativeTarget "NAMSTests" */ = {
			isa = XCConfigurationList;
			buildConfigurations = (
				653A257528338800005D4D48 /* Debug */,
				A9EC7BFD2AE715F9003D572E /* Test */,
				653A257628338800005D4D48 /* Release */,
			);
			defaultConfigurationIsVisible = 0;
			defaultConfigurationName = Release;
		};
		653A257728338800005D4D48 /* Build configuration list for PBXNativeTarget "NAMSUITests" */ = {
			isa = XCConfigurationList;
			buildConfigurations = (
				653A257828338800005D4D48 /* Debug */,
				A9EC7BFE2AE715F9003D572E /* Test */,
				653A257928338800005D4D48 /* Release */,
			);
			defaultConfigurationIsVisible = 0;
			defaultConfigurationName = Release;
		};
		A926D7BF2AB7A552000C4C2F /* Build configuration list for PBXNativeTarget "NAMS Muse" */ = {
			isa = XCConfigurationList;
			buildConfigurations = (
				A926D7C02AB7A552000C4C2F /* Debug */,
				A9EC7BFC2AE715F9003D572E /* Test */,
				A926D7C22AB7A552000C4C2F /* Release */,
			);
			defaultConfigurationIsVisible = 0;
			defaultConfigurationName = Release;
		};
/* End XCConfigurationList section */

/* Begin XCRemoteSwiftPackageReference section */
		2F49B7742980407B00BCB272 /* XCRemoteSwiftPackageReference "Spezi" */ = {
			isa = XCRemoteSwiftPackageReference;
			repositoryURL = "https://github.com/StanfordSpezi/Spezi.git";
			requirement = {
				kind = upToNextMajorVersion;
				minimumVersion = 1.8.0;
			};
		};
		2FE5DC6229EDD883004B9AB4 /* XCRemoteSwiftPackageReference "SpeziAccount" */ = {
			isa = XCRemoteSwiftPackageReference;
			repositoryURL = "https://github.com/StanfordSpezi/SpeziAccount.git";
			requirement = {
				kind = upToNextMajorVersion;
				minimumVersion = 2.0.1;
			};
		};
		2FE5DC6529EDD894004B9AB4 /* XCRemoteSwiftPackageReference "SpeziContact" */ = {
			isa = XCRemoteSwiftPackageReference;
			repositoryURL = "https://github.com/StanfordSpezi/SpeziContact.git";
			requirement = {
				kind = upToNextMajorVersion;
				minimumVersion = 1.0.0;
			};
		};
		2FE5DC7329EDD8E6004B9AB4 /* XCRemoteSwiftPackageReference "SpeziFirebase" */ = {
			isa = XCRemoteSwiftPackageReference;
			repositoryURL = "https://github.com/StanfordSpezi/SpeziFirebase.git";
			requirement = {
				kind = upToNextMajorVersion;
				minimumVersion = 2.0.0;
			};
		};
		2FE5DC7F29EDD91D004B9AB4 /* XCRemoteSwiftPackageReference "SpeziOnboarding" */ = {
			isa = XCRemoteSwiftPackageReference;
			repositoryURL = "https://github.com/StanfordSpezi/SpeziOnboarding.git";
			requirement = {
				kind = upToNextMajorVersion;
				minimumVersion = 1.1.0;
			};
		};
		2FE5DC8229EDD934004B9AB4 /* XCRemoteSwiftPackageReference "SpeziQuestionnaire" */ = {
			isa = XCRemoteSwiftPackageReference;
			repositoryURL = "https://github.com/StanfordSpezi/SpeziQuestionnaire.git";
			requirement = {
				kind = upToNextMajorVersion;
				minimumVersion = 1.0.0;
			};
		};
		2FE5DC8829EDD972004B9AB4 /* XCRemoteSwiftPackageReference "SpeziStorage" */ = {
			isa = XCRemoteSwiftPackageReference;
			repositoryURL = "https://github.com/StanfordSpezi/SpeziStorage.git";
			requirement = {
				kind = upToNextMajorVersion;
				minimumVersion = 1.0.0;
			};
		};
		2FE5DC8D29EDD980004B9AB4 /* XCRemoteSwiftPackageReference "SpeziViews" */ = {
			isa = XCRemoteSwiftPackageReference;
			repositoryURL = "https://github.com/StanfordSpezi/SpeziViews.git";
			requirement = {
				kind = upToNextMajorVersion;
				minimumVersion = 1.7.0;
			};
		};
		2FE5DC9029EDD9C3004B9AB4 /* XCRemoteSwiftPackageReference "firebase-ios-sdk" */ = {
			isa = XCRemoteSwiftPackageReference;
			repositoryURL = "https://github.com/firebase/firebase-ios-sdk.git";
			requirement = {
				kind = upToNextMajorVersion;
				minimumVersion = 11.1.0;
			};
		};
		2FE5DC9729EDD9D9004B9AB4 /* XCRemoteSwiftPackageReference "XCTestExtensions" */ = {
			isa = XCRemoteSwiftPackageReference;
			repositoryURL = "https://github.com/StanfordBDHG/XCTestExtensions.git";
			requirement = {
				kind = upToNextMajorVersion;
				minimumVersion = 1.0.0;
			};
		};
		A926D7662AB7A552000C4C2F /* XCRemoteSwiftPackageReference "Spezi" */ = {
			isa = XCRemoteSwiftPackageReference;
			repositoryURL = "https://github.com/StanfordSpezi/Spezi";
			requirement = {
				kind = upToNextMinorVersion;
				minimumVersion = 0.7.2;
			};
		};
		A926D7682AB7A552000C4C2F /* XCRemoteSwiftPackageReference "SpeziAccount" */ = {
			isa = XCRemoteSwiftPackageReference;
			repositoryURL = "https://github.com/StanfordSpezi/SpeziAccount.git";
			requirement = {
				kind = upToNextMinorVersion;
				minimumVersion = 0.4.1;
			};
		};
		A926D76A2AB7A552000C4C2F /* XCRemoteSwiftPackageReference "SpeziContact" */ = {
			isa = XCRemoteSwiftPackageReference;
			repositoryURL = "https://github.com/StanfordSpezi/SpeziContact.git";
			requirement = {
				kind = upToNextMinorVersion;
				minimumVersion = 0.3.3;
			};
		};
		A926D76E2AB7A552000C4C2F /* XCRemoteSwiftPackageReference "SpeziFirebase" */ = {
			isa = XCRemoteSwiftPackageReference;
			repositoryURL = "https://github.com/StanfordSpezi/SpeziFirebase.git";
			requirement = {
				kind = upToNextMinorVersion;
				minimumVersion = 0.4.0;
			};
		};
		A926D7722AB7A552000C4C2F /* XCRemoteSwiftPackageReference "SpeziOnboarding" */ = {
			isa = XCRemoteSwiftPackageReference;
			repositoryURL = "https://github.com/StanfordSpezi/SpeziOnboarding.git";
			requirement = {
				kind = upToNextMinorVersion;
				minimumVersion = 0.4.3;
			};
		};
		A926D7742AB7A552000C4C2F /* XCRemoteSwiftPackageReference "SpeziQuestionnaire" */ = {
			isa = XCRemoteSwiftPackageReference;
			repositoryURL = "https://github.com/StanfordSpezi/SpeziQuestionnaire.git";
			requirement = {
				kind = upToNextMinorVersion;
				minimumVersion = 0.4.1;
			};
		};
		A926D7782AB7A552000C4C2F /* XCRemoteSwiftPackageReference "SpeziStorage" */ = {
			isa = XCRemoteSwiftPackageReference;
			repositoryURL = "https://github.com/StanfordSpezi/SpeziStorage.git";
			requirement = {
				kind = upToNextMinorVersion;
				minimumVersion = 0.4.1;
			};
		};
		A926D77B2AB7A552000C4C2F /* XCRemoteSwiftPackageReference "SpeziViews" */ = {
			isa = XCRemoteSwiftPackageReference;
			repositoryURL = "https://github.com/StanfordSpezi/SpeziViews.git";
			requirement = {
				kind = upToNextMinorVersion;
				minimumVersion = 0.4.1;
			};
		};
		A92E34EE2ADB9B7E00FE0B51 /* XCRemoteSwiftPackageReference "swift-collections" */ = {
			isa = XCRemoteSwiftPackageReference;
			repositoryURL = "https://github.com/apple/swift-collections.git";
			requirement = {
				kind = upToNextMajorVersion;
				minimumVersion = 1.1.0;
			};
		};
		A95F4B2F2B990803006778E5 /* XCRemoteSwiftPackageReference "SpeziFileFormats" */ = {
			isa = XCRemoteSwiftPackageReference;
			repositoryURL = "https://github.com/StanfordSpezi/SpeziFileFormats.git";
			requirement = {
				kind = upToNextMajorVersion;
				minimumVersion = 2.1.0;
			};
		};
		A96CD4122BCDA57700300B8C /* XCRemoteSwiftPackageReference "SwiftLint" */ = {
			isa = XCRemoteSwiftPackageReference;
			repositoryURL = "https://github.com/realm/SwiftLint.git";
			requirement = {
				kind = upToNextMajorVersion;
				minimumVersion = 0.57.0;
			};
		};
		A977F6762C932D0E0071A1D1 /* XCRemoteSwiftPackageReference "SpeziDevices" */ = {
			isa = XCRemoteSwiftPackageReference;
			repositoryURL = "https://github.com/StanfordSpezi/SpeziDevices.git";
			requirement = {
				kind = upToNextMajorVersion;
				minimumVersion = 1.5.0;
			};
		};
		A988FEA42B03FB4A00022A61 /* XCRemoteSwiftPackageReference "SpeziBluetooth" */ = {
			isa = XCRemoteSwiftPackageReference;
			repositoryURL = "https://github.com/StanfordSpezi/SpeziBluetooth.git";
			requirement = {
				kind = upToNextMajorVersion;
				minimumVersion = 3.1.0;
			};
		};
/* End XCRemoteSwiftPackageReference section */

/* Begin XCSwiftPackageProductDependency section */
		2F49B7752980407B00BCB272 /* Spezi */ = {
			isa = XCSwiftPackageProductDependency;
			package = 2F49B7742980407B00BCB272 /* XCRemoteSwiftPackageReference "Spezi" */;
			productName = Spezi;
		};
		2FE5DC6329EDD883004B9AB4 /* SpeziAccount */ = {
			isa = XCSwiftPackageProductDependency;
			package = 2FE5DC6229EDD883004B9AB4 /* XCRemoteSwiftPackageReference "SpeziAccount" */;
			productName = SpeziAccount;
		};
		2FE5DC6629EDD894004B9AB4 /* SpeziContact */ = {
			isa = XCSwiftPackageProductDependency;
			package = 2FE5DC6529EDD894004B9AB4 /* XCRemoteSwiftPackageReference "SpeziContact" */;
			productName = SpeziContact;
		};
		2FE5DC7429EDD8E6004B9AB4 /* SpeziFirebaseAccount */ = {
			isa = XCSwiftPackageProductDependency;
			package = 2FE5DC7329EDD8E6004B9AB4 /* XCRemoteSwiftPackageReference "SpeziFirebase" */;
			productName = SpeziFirebaseAccount;
		};
		2FE5DC7629EDD8E6004B9AB4 /* SpeziFirebaseConfiguration */ = {
			isa = XCSwiftPackageProductDependency;
			package = 2FE5DC7329EDD8E6004B9AB4 /* XCRemoteSwiftPackageReference "SpeziFirebase" */;
			productName = SpeziFirebaseConfiguration;
		};
		2FE5DC7829EDD8E6004B9AB4 /* SpeziFirestore */ = {
			isa = XCSwiftPackageProductDependency;
			package = 2FE5DC7329EDD8E6004B9AB4 /* XCRemoteSwiftPackageReference "SpeziFirebase" */;
			productName = SpeziFirestore;
		};
		2FE5DC8029EDD91D004B9AB4 /* SpeziOnboarding */ = {
			isa = XCSwiftPackageProductDependency;
			package = 2FE5DC7F29EDD91D004B9AB4 /* XCRemoteSwiftPackageReference "SpeziOnboarding" */;
			productName = SpeziOnboarding;
		};
		2FE5DC8329EDD934004B9AB4 /* SpeziQuestionnaire */ = {
			isa = XCSwiftPackageProductDependency;
			package = 2FE5DC8229EDD934004B9AB4 /* XCRemoteSwiftPackageReference "SpeziQuestionnaire" */;
			productName = SpeziQuestionnaire;
		};
		2FE5DC8929EDD972004B9AB4 /* SpeziLocalStorage */ = {
			isa = XCSwiftPackageProductDependency;
			package = 2FE5DC8829EDD972004B9AB4 /* XCRemoteSwiftPackageReference "SpeziStorage" */;
			productName = SpeziLocalStorage;
		};
		2FE5DC8B29EDD972004B9AB4 /* SpeziSecureStorage */ = {
			isa = XCSwiftPackageProductDependency;
			package = 2FE5DC8829EDD972004B9AB4 /* XCRemoteSwiftPackageReference "SpeziStorage" */;
			productName = SpeziSecureStorage;
		};
		2FE5DC8E29EDD980004B9AB4 /* SpeziViews */ = {
			isa = XCSwiftPackageProductDependency;
			package = 2FE5DC8D29EDD980004B9AB4 /* XCRemoteSwiftPackageReference "SpeziViews" */;
			productName = SpeziViews;
		};
		2FE5DC9829EDD9D9004B9AB4 /* XCTestExtensions */ = {
			isa = XCSwiftPackageProductDependency;
			package = 2FE5DC9729EDD9D9004B9AB4 /* XCRemoteSwiftPackageReference "XCTestExtensions" */;
			productName = XCTestExtensions;
		};
		A926D7652AB7A552000C4C2F /* Spezi */ = {
			isa = XCSwiftPackageProductDependency;
			package = A926D7662AB7A552000C4C2F /* XCRemoteSwiftPackageReference "Spezi" */;
			productName = Spezi;
		};
		A926D7672AB7A552000C4C2F /* SpeziAccount */ = {
			isa = XCSwiftPackageProductDependency;
			package = A926D7682AB7A552000C4C2F /* XCRemoteSwiftPackageReference "SpeziAccount" */;
			productName = SpeziAccount;
		};
		A926D7692AB7A552000C4C2F /* SpeziContact */ = {
			isa = XCSwiftPackageProductDependency;
			package = A926D76A2AB7A552000C4C2F /* XCRemoteSwiftPackageReference "SpeziContact" */;
			productName = SpeziContact;
		};
		A926D76D2AB7A552000C4C2F /* SpeziFirebaseAccount */ = {
			isa = XCSwiftPackageProductDependency;
			package = A926D76E2AB7A552000C4C2F /* XCRemoteSwiftPackageReference "SpeziFirebase" */;
			productName = SpeziFirebaseAccount;
		};
		A926D76F2AB7A552000C4C2F /* SpeziFirebaseConfiguration */ = {
			isa = XCSwiftPackageProductDependency;
			package = A926D76E2AB7A552000C4C2F /* XCRemoteSwiftPackageReference "SpeziFirebase" */;
			productName = SpeziFirebaseConfiguration;
		};
		A926D7702AB7A552000C4C2F /* SpeziFirestore */ = {
			isa = XCSwiftPackageProductDependency;
			package = A926D76E2AB7A552000C4C2F /* XCRemoteSwiftPackageReference "SpeziFirebase" */;
			productName = SpeziFirestore;
		};
		A926D7712AB7A552000C4C2F /* SpeziOnboarding */ = {
			isa = XCSwiftPackageProductDependency;
			package = A926D7722AB7A552000C4C2F /* XCRemoteSwiftPackageReference "SpeziOnboarding" */;
			productName = SpeziOnboarding;
		};
		A926D7732AB7A552000C4C2F /* SpeziQuestionnaire */ = {
			isa = XCSwiftPackageProductDependency;
			package = A926D7742AB7A552000C4C2F /* XCRemoteSwiftPackageReference "SpeziQuestionnaire" */;
			productName = SpeziQuestionnaire;
		};
		A926D7772AB7A552000C4C2F /* SpeziLocalStorage */ = {
			isa = XCSwiftPackageProductDependency;
			package = A926D7782AB7A552000C4C2F /* XCRemoteSwiftPackageReference "SpeziStorage" */;
			productName = SpeziLocalStorage;
		};
		A926D7792AB7A552000C4C2F /* SpeziSecureStorage */ = {
			isa = XCSwiftPackageProductDependency;
			package = A926D7782AB7A552000C4C2F /* XCRemoteSwiftPackageReference "SpeziStorage" */;
			productName = SpeziSecureStorage;
		};
		A926D77A2AB7A552000C4C2F /* SpeziViews */ = {
			isa = XCSwiftPackageProductDependency;
			package = A926D77B2AB7A552000C4C2F /* XCRemoteSwiftPackageReference "SpeziViews" */;
			productName = SpeziViews;
		};
		A92E34EF2ADB9B7E00FE0B51 /* OrderedCollections */ = {
			isa = XCSwiftPackageProductDependency;
			package = A92E34EE2ADB9B7E00FE0B51 /* XCRemoteSwiftPackageReference "swift-collections" */;
			productName = OrderedCollections;
		};
		A92E34F12ADB9B9000FE0B51 /* OrderedCollections */ = {
			isa = XCSwiftPackageProductDependency;
			package = A92E34EE2ADB9B7E00FE0B51 /* XCRemoteSwiftPackageReference "swift-collections" */;
			productName = OrderedCollections;
		};
		A941711B2B9FB17A002E975A /* SpeziFirebaseAccountStorage */ = {
			isa = XCSwiftPackageProductDependency;
			package = 2FE5DC7329EDD8E6004B9AB4 /* XCRemoteSwiftPackageReference "SpeziFirebase" */;
			productName = SpeziFirebaseAccountStorage;
		};
		A941711D2B9FB180002E975A /* SpeziFirebaseAccountStorage */ = {
			isa = XCSwiftPackageProductDependency;
			package = 2FE5DC7329EDD8E6004B9AB4 /* XCRemoteSwiftPackageReference "SpeziFirebase" */;
			productName = SpeziFirebaseAccountStorage;
		};
		A95F4B302B990803006778E5 /* ByteCoding */ = {
			isa = XCSwiftPackageProductDependency;
			package = A95F4B2F2B990803006778E5 /* XCRemoteSwiftPackageReference "SpeziFileFormats" */;
			productName = ByteCoding;
		};
		A95F4B322B990803006778E5 /* EDFFormat */ = {
			isa = XCSwiftPackageProductDependency;
			package = A95F4B2F2B990803006778E5 /* XCRemoteSwiftPackageReference "SpeziFileFormats" */;
			productName = EDFFormat;
		};
		A95F4B342B990803006778E5 /* XCTByteCoding */ = {
			isa = XCSwiftPackageProductDependency;
			package = A95F4B2F2B990803006778E5 /* XCRemoteSwiftPackageReference "SpeziFileFormats" */;
			productName = XCTByteCoding;
		};
		A95F4B362B99081D006778E5 /* ByteCoding */ = {
			isa = XCSwiftPackageProductDependency;
			package = A95F4B2F2B990803006778E5 /* XCRemoteSwiftPackageReference "SpeziFileFormats" */;
			productName = ByteCoding;
		};
		A95F4B382B99081D006778E5 /* EDFFormat */ = {
			isa = XCSwiftPackageProductDependency;
			package = A95F4B2F2B990803006778E5 /* XCRemoteSwiftPackageReference "SpeziFileFormats" */;
			productName = EDFFormat;
		};
		A96CD4152BCDA58600300B8C /* SwiftLintPlugin */ = {
			isa = XCSwiftPackageProductDependency;
			package = A96CD4122BCDA57700300B8C /* XCRemoteSwiftPackageReference "SwiftLint" */;
			productName = "plugin:SwiftLintPlugin";
		};
		A977F6742C932C780071A1D1 /* SpeziBluetoothServices */ = {
			isa = XCSwiftPackageProductDependency;
			package = A988FEA42B03FB4A00022A61 /* XCRemoteSwiftPackageReference "SpeziBluetooth" */;
			productName = SpeziBluetoothServices;
		};
		A977F6772C932D0E0071A1D1 /* SpeziDevicesUI */ = {
			isa = XCSwiftPackageProductDependency;
			package = A977F6762C932D0E0071A1D1 /* XCRemoteSwiftPackageReference "SpeziDevices" */;
			productName = SpeziDevicesUI;
		};
		A977F6792C932D1E0071A1D1 /* SpeziBluetoothServices */ = {
			isa = XCSwiftPackageProductDependency;
			package = A988FEA42B03FB4A00022A61 /* XCRemoteSwiftPackageReference "SpeziBluetooth" */;
			productName = SpeziBluetoothServices;
		};
		A977F67B2C932D2A0071A1D1 /* SpeziDevicesUI */ = {
			isa = XCSwiftPackageProductDependency;
			package = A977F6762C932D0E0071A1D1 /* XCRemoteSwiftPackageReference "SpeziDevices" */;
			productName = SpeziDevicesUI;
		};
		A977F67D2C933AA10071A1D1 /* SwiftLintBuildToolPlugin */ = {
			isa = XCSwiftPackageProductDependency;
			package = A96CD4122BCDA57700300B8C /* XCRemoteSwiftPackageReference "SwiftLint" */;
			productName = "plugin:SwiftLintBuildToolPlugin";
		};
		A988FEA52B03FB4A00022A61 /* SpeziBluetooth */ = {
			isa = XCSwiftPackageProductDependency;
			package = A988FEA42B03FB4A00022A61 /* XCRemoteSwiftPackageReference "SpeziBluetooth" */;
			productName = SpeziBluetooth;
		};
		A988FEA72B03FB5A00022A61 /* SpeziBluetooth */ = {
			isa = XCSwiftPackageProductDependency;
			package = A988FEA42B03FB4A00022A61 /* XCRemoteSwiftPackageReference "SpeziBluetooth" */;
			productName = SpeziBluetooth;
		};
		A988FEBC2B05C7AE00022A61 /* SpeziPersonalInfo */ = {
			isa = XCSwiftPackageProductDependency;
			package = 2FE5DC8D29EDD980004B9AB4 /* XCRemoteSwiftPackageReference "SpeziViews" */;
			productName = SpeziPersonalInfo;
		};
		A988FEBE2B05C7B800022A61 /* SpeziPersonalInfo */ = {
			isa = XCSwiftPackageProductDependency;
			package = 2FE5DC8D29EDD980004B9AB4 /* XCRemoteSwiftPackageReference "SpeziViews" */;
			productName = SpeziPersonalInfo;
		};
		A9A48A8A2BA8CCE3002CB862 /* SpeziFirebaseStorage */ = {
			isa = XCSwiftPackageProductDependency;
			package = 2FE5DC7329EDD8E6004B9AB4 /* XCRemoteSwiftPackageReference "SpeziFirebase" */;
			productName = SpeziFirebaseStorage;
		};
		A9A48A8C2BA8CCEA002CB862 /* SpeziFirebaseStorage */ = {
			isa = XCSwiftPackageProductDependency;
			package = 2FE5DC7329EDD8E6004B9AB4 /* XCRemoteSwiftPackageReference "SpeziFirebase" */;
			productName = SpeziFirebaseStorage;
		};
/* End XCSwiftPackageProductDependency section */
	};
	rootObject = 653A2545283387FE005D4D48 /* Project object */;
}
